// !$*UTF8*$!
{
	archiveVersion = 1;
	classes = {
	};
	objectVersion = 46;
	objects = {

/* Begin PBXBuildFile section */
		B02C594C18AB6F8500257BC4 /* MusicPlayerViewController.m in Sources */ = {isa = PBXBuildFile; fileRef = B02C594B18AB6F8500257BC4 /* MusicPlayerViewController.m */; };
		B02C594F18AB71F400257BC4 /* XCDYouTubeVideoPlayerViewController.m in Sources */ = {isa = PBXBuildFile; fileRef = B02C594E18AB71F400257BC4 /* XCDYouTubeVideoPlayerViewController.m */; };
		B02C595618AB8D2F00257BC4 /* MRYoutubeRequest.m in Sources */ = {isa = PBXBuildFile; fileRef = B02C595518AB8D2F00257BC4 /* MRYoutubeRequest.m */; };
		B067D4E018BB53D5001E046D /* MRLyricFetcher.m in Sources */ = {isa = PBXBuildFile; fileRef = B067D4DF18BB53D5001E046D /* MRLyricFetcher.m */; };
		B0865B9218B30D12007E9B3A /* artist.png in Resources */ = {isa = PBXBuildFile; fileRef = B0865B9118B30D12007E9B3A /* artist.png */; };
		B0865B9418B33CFD007E9B3A /* nextButton@2x.png in Resources */ = {isa = PBXBuildFile; fileRef = B0865B9318B33CFD007E9B3A /* nextButton@2x.png */; };
		B0865B9618B33D30007E9B3A /* empty.png in Resources */ = {isa = PBXBuildFile; fileRef = B0865B9518B33D30007E9B3A /* empty.png */; };
		B0865B9818B33F15007E9B3A /* empty80.png in Resources */ = {isa = PBXBuildFile; fileRef = B0865B9718B33F15007E9B3A /* empty80.png */; };
		B0865B9A18B33F78007E9B3A /* empty34.png in Resources */ = {isa = PBXBuildFile; fileRef = B0865B9918B33F78007E9B3A /* empty34.png */; };
		B0865B9C18B34566007E9B3A /* blurBG@2x.png in Resources */ = {isa = PBXBuildFile; fileRef = B0865B9B18B34566007E9B3A /* blurBG@2x.png */; };
		B0865BA018B34ABF007E9B3A /* heart_80@2x.png in Resources */ = {isa = PBXBuildFile; fileRef = B0865B9F18B34ABF007E9B3A /* heart_80@2x.png */; };
		B0865BA218B39269007E9B3A /* blurBG2@2x.png in Resources */ = {isa = PBXBuildFile; fileRef = B0865BA118B39269007E9B3A /* blurBG2@2x.png */; };
		B0865BA418B39706007E9B3A /* blurBG3@2x.png in Resources */ = {isa = PBXBuildFile; fileRef = B0865BA318B39706007E9B3A /* blurBG3@2x.png */; };
		B0865BA618B39E1F007E9B3A /* blurBG4@2x.png in Resources */ = {isa = PBXBuildFile; fileRef = B0865BA518B39E1E007E9B3A /* blurBG4@2x.png */; };
		B0AAF2BB18997BB400670924 /* Foundation.framework in Frameworks */ = {isa = PBXBuildFile; fileRef = B0AAF2BA18997BB400670924 /* Foundation.framework */; };
		B0AAF2BD18997BB400670924 /* CoreGraphics.framework in Frameworks */ = {isa = PBXBuildFile; fileRef = B0AAF2BC18997BB400670924 /* CoreGraphics.framework */; };
		B0AAF2BF18997BB400670924 /* UIKit.framework in Frameworks */ = {isa = PBXBuildFile; fileRef = B0AAF2BE18997BB400670924 /* UIKit.framework */; };
		B0AAF2C518997BB400670924 /* InfoPlist.strings in Resources */ = {isa = PBXBuildFile; fileRef = B0AAF2C318997BB400670924 /* InfoPlist.strings */; };
		B0AAF2C718997BB400670924 /* main.m in Sources */ = {isa = PBXBuildFile; fileRef = B0AAF2C618997BB400670924 /* main.m */; };
		B0AAF2CB18997BB400670924 /* AppDelegate.m in Sources */ = {isa = PBXBuildFile; fileRef = B0AAF2CA18997BB400670924 /* AppDelegate.m */; };
		B0AAF2CE18997BB400670924 /* Main_iPhone.storyboard in Resources */ = {isa = PBXBuildFile; fileRef = B0AAF2CC18997BB400670924 /* Main_iPhone.storyboard */; };
		B0AAF2D118997BB400670924 /* Main_iPad.storyboard in Resources */ = {isa = PBXBuildFile; fileRef = B0AAF2CF18997BB400670924 /* Main_iPad.storyboard */; };
		B0AAF2D618997BB400670924 /* Images.xcassets in Resources */ = {isa = PBXBuildFile; fileRef = B0AAF2D518997BB400670924 /* Images.xcassets */; };
		B0AAF2DD18997BB400670924 /* XCTest.framework in Frameworks */ = {isa = PBXBuildFile; fileRef = B0AAF2DC18997BB400670924 /* XCTest.framework */; };
		B0AAF2DE18997BB400670924 /* Foundation.framework in Frameworks */ = {isa = PBXBuildFile; fileRef = B0AAF2BA18997BB400670924 /* Foundation.framework */; };
		B0AAF2DF18997BB400670924 /* UIKit.framework in Frameworks */ = {isa = PBXBuildFile; fileRef = B0AAF2BE18997BB400670924 /* UIKit.framework */; };
		B0AAF2E718997BB400670924 /* InfoPlist.strings in Resources */ = {isa = PBXBuildFile; fileRef = B0AAF2E518997BB400670924 /* InfoPlist.strings */; };
		B0AAF2E918997BB400670924 /* musicRadioTests.m in Sources */ = {isa = PBXBuildFile; fileRef = B0AAF2E818997BB400670924 /* musicRadioTests.m */; };
		B0AAF2F41899809300670924 /* MRPlaylistManager.m in Sources */ = {isa = PBXBuildFile; fileRef = B0AAF2F31899809300670924 /* MRPlaylistManager.m */; };
		B0AAF2F718998C4D00670924 /* MRMusicPlayer.m in Sources */ = {isa = PBXBuildFile; fileRef = B0AAF2F618998C4D00670924 /* MRMusicPlayer.m */; };
		B0AAF2FC189A3ABD00670924 /* AVFoundation.framework in Frameworks */ = {isa = PBXBuildFile; fileRef = B0AAF2FB189A3ABD00670924 /* AVFoundation.framework */; };
		B0AAF349189A7A1600670924 /* MRRadio.m in Sources */ = {isa = PBXBuildFile; fileRef = B0AAF348189A7A1600670924 /* MRRadio.m */; };
		B0AAF34F189AB32B00670924 /* MRHttpRequest.m in Sources */ = {isa = PBXBuildFile; fileRef = B0AAF34E189AB32B00670924 /* MRHttpRequest.m */; };
		B0AAF352189AB74300670924 /* MRLastfmRequest.m in Sources */ = {isa = PBXBuildFile; fileRef = B0AAF351189AB74300670924 /* MRLastfmRequest.m */; };
		B0AAF355189AB87900670924 /* MRExfmRequest.m in Sources */ = {isa = PBXBuildFile; fileRef = B0AAF354189AB87900670924 /* MRExfmRequest.m */; };
		B0AAF358189AE02000670924 /* TestplayViewController.m in Sources */ = {isa = PBXBuildFile; fileRef = B0AAF357189AE02000670924 /* TestplayViewController.m */; };
		B0F3ACB418AC288700021126 /* Test_SearchViewController.m in Sources */ = {isa = PBXBuildFile; fileRef = B0F3ACB318AC288700021126 /* Test_SearchViewController.m */; };
/* End PBXBuildFile section */

/* Begin PBXContainerItemProxy section */
		B0AAF2E018997BB400670924 /* PBXContainerItemProxy */ = {
			isa = PBXContainerItemProxy;
			containerPortal = B0AAF2AF18997BB400670924 /* Project object */;
			proxyType = 1;
			remoteGlobalIDString = B0AAF2B618997BB400670924;
			remoteInfo = musicRadio;
		};
/* End PBXContainerItemProxy section */

/* Begin PBXFileReference section */
		B02A696118A2C3EE009FF1EB /* musicRadio.entitlements */ = {isa = PBXFileReference; lastKnownFileType = text.xml; path = musicRadio.entitlements; sourceTree = "<group>"; };
		B02C594A18AB6F8500257BC4 /* MusicPlayerViewController.h */ = {isa = PBXFileReference; fileEncoding = 4; lastKnownFileType = sourcecode.c.h; path = MusicPlayerViewController.h; sourceTree = "<group>"; };
		B02C594B18AB6F8500257BC4 /* MusicPlayerViewController.m */ = {isa = PBXFileReference; fileEncoding = 4; lastKnownFileType = sourcecode.c.objc; path = MusicPlayerViewController.m; sourceTree = "<group>"; };
		B02C594D18AB71F300257BC4 /* XCDYouTubeVideoPlayerViewController.h */ = {isa = PBXFileReference; fileEncoding = 4; lastKnownFileType = sourcecode.c.h; path = XCDYouTubeVideoPlayerViewController.h; sourceTree = "<group>"; };
		B02C594E18AB71F400257BC4 /* XCDYouTubeVideoPlayerViewController.m */ = {isa = PBXFileReference; fileEncoding = 4; lastKnownFileType = sourcecode.c.objc; path = XCDYouTubeVideoPlayerViewController.m; sourceTree = "<group>"; };
		B02C595418AB8D2F00257BC4 /* MRYoutubeRequest.h */ = {isa = PBXFileReference; fileEncoding = 4; lastKnownFileType = sourcecode.c.h; path = MRYoutubeRequest.h; sourceTree = "<group>"; };
		B02C595518AB8D2F00257BC4 /* MRYoutubeRequest.m */ = {isa = PBXFileReference; fileEncoding = 4; lastKnownFileType = sourcecode.c.objc; path = MRYoutubeRequest.m; sourceTree = "<group>"; };
		B067D4DE18BB53D5001E046D /* MRLyricFetcher.h */ = {isa = PBXFileReference; fileEncoding = 4; lastKnownFileType = sourcecode.c.h; path = MRLyricFetcher.h; sourceTree = "<group>"; };
		B067D4DF18BB53D5001E046D /* MRLyricFetcher.m */ = {isa = PBXFileReference; fileEncoding = 4; lastKnownFileType = sourcecode.c.objc; path = MRLyricFetcher.m; sourceTree = "<group>"; };
		B0865B9118B30D12007E9B3A /* artist.png */ = {isa = PBXFileReference; lastKnownFileType = image.png; path = artist.png; sourceTree = "<group>"; };
		B0865B9318B33CFD007E9B3A /* nextButton@2x.png */ = {isa = PBXFileReference; lastKnownFileType = image.png; path = "nextButton@2x.png"; sourceTree = "<group>"; };
		B0865B9518B33D30007E9B3A /* empty.png */ = {isa = PBXFileReference; lastKnownFileType = image.png; path = empty.png; sourceTree = "<group>"; };
		B0865B9718B33F15007E9B3A /* empty80.png */ = {isa = PBXFileReference; lastKnownFileType = image.png; path = empty80.png; sourceTree = "<group>"; };
		B0865B9918B33F78007E9B3A /* empty34.png */ = {isa = PBXFileReference; lastKnownFileType = image.png; path = empty34.png; sourceTree = "<group>"; };
		B0865B9B18B34566007E9B3A /* blurBG@2x.png */ = {isa = PBXFileReference; lastKnownFileType = image.png; path = "blurBG@2x.png"; sourceTree = "<group>"; };
		B0865B9F18B34ABF007E9B3A /* heart_80@2x.png */ = {isa = PBXFileReference; lastKnownFileType = image.png; path = "heart_80@2x.png"; sourceTree = "<group>"; };
		B0865BA118B39269007E9B3A /* blurBG2@2x.png */ = {isa = PBXFileReference; lastKnownFileType = image.png; path = "blurBG2@2x.png"; sourceTree = "<group>"; };
		B0865BA318B39706007E9B3A /* blurBG3@2x.png */ = {isa = PBXFileReference; lastKnownFileType = image.png; path = "blurBG3@2x.png"; sourceTree = "<group>"; };
		B0865BA518B39E1E007E9B3A /* blurBG4@2x.png */ = {isa = PBXFileReference; lastKnownFileType = image.png; path = "blurBG4@2x.png"; sourceTree = "<group>"; };
		B0AAF2B718997BB400670924 /* musicRadio.app */ = {isa = PBXFileReference; explicitFileType = wrapper.application; includeInIndex = 0; path = musicRadio.app; sourceTree = BUILT_PRODUCTS_DIR; };
		B0AAF2BA18997BB400670924 /* Foundation.framework */ = {isa = PBXFileReference; lastKnownFileType = wrapper.framework; name = Foundation.framework; path = System/Library/Frameworks/Foundation.framework; sourceTree = SDKROOT; };
		B0AAF2BC18997BB400670924 /* CoreGraphics.framework */ = {isa = PBXFileReference; lastKnownFileType = wrapper.framework; name = CoreGraphics.framework; path = System/Library/Frameworks/CoreGraphics.framework; sourceTree = SDKROOT; };
		B0AAF2BE18997BB400670924 /* UIKit.framework */ = {isa = PBXFileReference; lastKnownFileType = wrapper.framework; name = UIKit.framework; path = System/Library/Frameworks/UIKit.framework; sourceTree = SDKROOT; };
		B0AAF2C218997BB400670924 /* musicRadio-Info.plist */ = {isa = PBXFileReference; lastKnownFileType = text.plist.xml; path = "musicRadio-Info.plist"; sourceTree = "<group>"; };
		B0AAF2C418997BB400670924 /* en */ = {isa = PBXFileReference; lastKnownFileType = text.plist.strings; name = en; path = en.lproj/InfoPlist.strings; sourceTree = "<group>"; };
		B0AAF2C618997BB400670924 /* main.m */ = {isa = PBXFileReference; lastKnownFileType = sourcecode.c.objc; path = main.m; sourceTree = "<group>"; };
		B0AAF2C818997BB400670924 /* musicRadio-Prefix.pch */ = {isa = PBXFileReference; lastKnownFileType = sourcecode.c.h; path = "musicRadio-Prefix.pch"; sourceTree = "<group>"; };
		B0AAF2C918997BB400670924 /* AppDelegate.h */ = {isa = PBXFileReference; lastKnownFileType = sourcecode.c.h; path = AppDelegate.h; sourceTree = "<group>"; };
		B0AAF2CA18997BB400670924 /* AppDelegate.m */ = {isa = PBXFileReference; lastKnownFileType = sourcecode.c.objc; path = AppDelegate.m; sourceTree = "<group>"; };
		B0AAF2CD18997BB400670924 /* Base */ = {isa = PBXFileReference; lastKnownFileType = file.storyboard; name = Base; path = Base.lproj/Main_iPhone.storyboard; sourceTree = "<group>"; };
		B0AAF2D018997BB400670924 /* Base */ = {isa = PBXFileReference; lastKnownFileType = file.storyboard; name = Base; path = Base.lproj/Main_iPad.storyboard; sourceTree = "<group>"; };
		B0AAF2D518997BB400670924 /* Images.xcassets */ = {isa = PBXFileReference; lastKnownFileType = folder.assetcatalog; path = Images.xcassets; sourceTree = "<group>"; };
		B0AAF2DB18997BB400670924 /* musicRadioTests.xctest */ = {isa = PBXFileReference; explicitFileType = wrapper.cfbundle; includeInIndex = 0; path = musicRadioTests.xctest; sourceTree = BUILT_PRODUCTS_DIR; };
		B0AAF2DC18997BB400670924 /* XCTest.framework */ = {isa = PBXFileReference; lastKnownFileType = wrapper.framework; name = XCTest.framework; path = Library/Frameworks/XCTest.framework; sourceTree = DEVELOPER_DIR; };
		B0AAF2E418997BB400670924 /* musicRadioTests-Info.plist */ = {isa = PBXFileReference; lastKnownFileType = text.plist.xml; path = "musicRadioTests-Info.plist"; sourceTree = "<group>"; };
		B0AAF2E618997BB400670924 /* en */ = {isa = PBXFileReference; lastKnownFileType = text.plist.strings; name = en; path = en.lproj/InfoPlist.strings; sourceTree = "<group>"; };
		B0AAF2E818997BB400670924 /* musicRadioTests.m */ = {isa = PBXFileReference; lastKnownFileType = sourcecode.c.objc; path = musicRadioTests.m; sourceTree = "<group>"; };
		B0AAF2F21899809300670924 /* MRPlaylistManager.h */ = {isa = PBXFileReference; fileEncoding = 4; lastKnownFileType = sourcecode.c.h; name = MRPlaylistManager.h; path = Classess/MRPlaylistManager.h; sourceTree = "<group>"; };
		B0AAF2F31899809300670924 /* MRPlaylistManager.m */ = {isa = PBXFileReference; fileEncoding = 4; lastKnownFileType = sourcecode.c.objc; name = MRPlaylistManager.m; path = Classess/MRPlaylistManager.m; sourceTree = "<group>"; };
		B0AAF2F518998C4D00670924 /* MRMusicPlayer.h */ = {isa = PBXFileReference; fileEncoding = 4; lastKnownFileType = sourcecode.c.h; name = MRMusicPlayer.h; path = Classess/MRMusicPlayer.h; sourceTree = "<group>"; };
		B0AAF2F618998C4D00670924 /* MRMusicPlayer.m */ = {isa = PBXFileReference; fileEncoding = 4; lastKnownFileType = sourcecode.c.objc; name = MRMusicPlayer.m; path = Classess/MRMusicPlayer.m; sourceTree = "<group>"; };
		B0AAF2FB189A3ABD00670924 /* AVFoundation.framework */ = {isa = PBXFileReference; lastKnownFileType = wrapper.framework; name = AVFoundation.framework; path = System/Library/Frameworks/AVFoundation.framework; sourceTree = SDKROOT; };
		B0AAF347189A7A1600670924 /* MRRadio.h */ = {isa = PBXFileReference; fileEncoding = 4; lastKnownFileType = sourcecode.c.h; path = MRRadio.h; sourceTree = "<group>"; };
		B0AAF348189A7A1600670924 /* MRRadio.m */ = {isa = PBXFileReference; fileEncoding = 4; lastKnownFileType = sourcecode.c.objc; path = MRRadio.m; sourceTree = "<group>"; };
		B0AAF34D189AB32B00670924 /* MRHttpRequest.h */ = {isa = PBXFileReference; fileEncoding = 4; lastKnownFileType = sourcecode.c.h; name = MRHttpRequest.h; path = Classess/MRHttpRequest.h; sourceTree = "<group>"; };
		B0AAF34E189AB32B00670924 /* MRHttpRequest.m */ = {isa = PBXFileReference; fileEncoding = 4; lastKnownFileType = sourcecode.c.objc; name = MRHttpRequest.m; path = Classess/MRHttpRequest.m; sourceTree = "<group>"; };
		B0AAF350189AB74300670924 /* MRLastfmRequest.h */ = {isa = PBXFileReference; fileEncoding = 4; lastKnownFileType = sourcecode.c.h; name = MRLastfmRequest.h; path = Classess/MRLastfmRequest.h; sourceTree = "<group>"; };
		B0AAF351189AB74300670924 /* MRLastfmRequest.m */ = {isa = PBXFileReference; fileEncoding = 4; lastKnownFileType = sourcecode.c.objc; name = MRLastfmRequest.m; path = Classess/MRLastfmRequest.m; sourceTree = "<group>"; };
		B0AAF353189AB87900670924 /* MRExfmRequest.h */ = {isa = PBXFileReference; fileEncoding = 4; lastKnownFileType = sourcecode.c.h; name = MRExfmRequest.h; path = Classess/MRExfmRequest.h; sourceTree = "<group>"; };
		B0AAF354189AB87900670924 /* MRExfmRequest.m */ = {isa = PBXFileReference; fileEncoding = 4; lastKnownFileType = sourcecode.c.objc; name = MRExfmRequest.m; path = Classess/MRExfmRequest.m; sourceTree = "<group>"; };
		B0AAF356189AE02000670924 /* TestplayViewController.h */ = {isa = PBXFileReference; fileEncoding = 4; lastKnownFileType = sourcecode.c.h; path = TestplayViewController.h; sourceTree = "<group>"; };
		B0AAF357189AE02000670924 /* TestplayViewController.m */ = {isa = PBXFileReference; fileEncoding = 4; lastKnownFileType = sourcecode.c.objc; path = TestplayViewController.m; sourceTree = "<group>"; };
		B0F3ACB218AC288700021126 /* Test_SearchViewController.h */ = {isa = PBXFileReference; fileEncoding = 4; lastKnownFileType = sourcecode.c.h; path = Test_SearchViewController.h; sourceTree = "<group>"; };
		B0F3ACB318AC288700021126 /* Test_SearchViewController.m */ = {isa = PBXFileReference; fileEncoding = 4; lastKnownFileType = sourcecode.c.objc; path = Test_SearchViewController.m; sourceTree = "<group>"; };
/* End PBXFileReference section */

/* Begin PBXFrameworksBuildPhase section */
		B0AAF2B418997BB400670924 /* Frameworks */ = {
			isa = PBXFrameworksBuildPhase;
			buildActionMask = 2147483647;
			files = (
				B0AAF2FC189A3ABD00670924 /* AVFoundation.framework in Frameworks */,
				B0AAF2BD18997BB400670924 /* CoreGraphics.framework in Frameworks */,
				B0AAF2BF18997BB400670924 /* UIKit.framework in Frameworks */,
				B0AAF2BB18997BB400670924 /* Foundation.framework in Frameworks */,
			);
			runOnlyForDeploymentPostprocessing = 0;
		};
		B0AAF2D818997BB400670924 /* Frameworks */ = {
			isa = PBXFrameworksBuildPhase;
			buildActionMask = 2147483647;
			files = (
				B0AAF2DD18997BB400670924 /* XCTest.framework in Frameworks */,
				B0AAF2DF18997BB400670924 /* UIKit.framework in Frameworks */,
				B0AAF2DE18997BB400670924 /* Foundation.framework in Frameworks */,
			);
			runOnlyForDeploymentPostprocessing = 0;
		};
/* End PBXFrameworksBuildPhase section */

/* Begin PBXGroup section */
		B02C595018AB71FC00257BC4 /* plugins */ = {
			isa = PBXGroup;
			children = (
				B02C594D18AB71F300257BC4 /* XCDYouTubeVideoPlayerViewController.h */,
				B02C594E18AB71F400257BC4 /* XCDYouTubeVideoPlayerViewController.m */,
			);
			name = plugins;
			sourceTree = "<group>";
		};
		B02C595118AB720C00257BC4 /* otherClasses */ = {
			isa = PBXGroup;
			children = (
				B0AAF350189AB74300670924 /* MRLastfmRequest.h */,
				B0AAF351189AB74300670924 /* MRLastfmRequest.m */,
				B0AAF353189AB87900670924 /* MRExfmRequest.h */,
				B0AAF354189AB87900670924 /* MRExfmRequest.m */,
				B067D4DE18BB53D5001E046D /* MRLyricFetcher.h */,
				B067D4DF18BB53D5001E046D /* MRLyricFetcher.m */,
				B02C595418AB8D2F00257BC4 /* MRYoutubeRequest.h */,
				B02C595518AB8D2F00257BC4 /* MRYoutubeRequest.m */,
				B0AAF34D189AB32B00670924 /* MRHttpRequest.h */,
				B0AAF34E189AB32B00670924 /* MRHttpRequest.m */,
			);
			name = otherClasses;
			sourceTree = "<group>";
		};
		B02C595218AB723200257BC4 /* mainClasses */ = {
			isa = PBXGroup;
			children = (
				B0AAF347189A7A1600670924 /* MRRadio.h */,
				B0AAF348189A7A1600670924 /* MRRadio.m */,
				B0AAF2F21899809300670924 /* MRPlaylistManager.h */,
				B0AAF2F31899809300670924 /* MRPlaylistManager.m */,
			);
			name = mainClasses;
			sourceTree = "<group>";
		};
		B02C595318AB72BE00257BC4 /* NoUse */ = {
			isa = PBXGroup;
			children = (
				B0AAF2F518998C4D00670924 /* MRMusicPlayer.h */,
				B0AAF2F618998C4D00670924 /* MRMusicPlayer.m */,
				B0AAF356189AE02000670924 /* TestplayViewController.h */,
				B0AAF357189AE02000670924 /* TestplayViewController.m */,
			);
			name = NoUse;
			sourceTree = "<group>";
		};
		B0865B9018B30CF4007E9B3A /* Images */ = {
			isa = PBXGroup;
			children = (
				B0865B9318B33CFD007E9B3A /* nextButton@2x.png */,
				B0865B9118B30D12007E9B3A /* artist.png */,
				B0865BA318B39706007E9B3A /* blurBG3@2x.png */,
				B0865B9F18B34ABF007E9B3A /* heart_80@2x.png */,
				B0865B9518B33D30007E9B3A /* empty.png */,
				B0865B9718B33F15007E9B3A /* empty80.png */,
				B0865B9918B33F78007E9B3A /* empty34.png */,
				B0865BA518B39E1E007E9B3A /* blurBG4@2x.png */,
				B0865BA118B39269007E9B3A /* blurBG2@2x.png */,
				B0865B9B18B34566007E9B3A /* blurBG@2x.png */,
			);
			name = Images;
			sourceTree = "<group>";
		};
		B0AAF2AE18997BB400670924 = {
			isa = PBXGroup;
			children = (
				B0AAF2C018997BB400670924 /* musicRadio */,
				B0AAF2E218997BB400670924 /* musicRadioTests */,
				B0AAF2B918997BB400670924 /* Frameworks */,
				B0AAF2B818997BB400670924 /* Products */,
			);
			sourceTree = "<group>";
		};
		B0AAF2B818997BB400670924 /* Products */ = {
			isa = PBXGroup;
			children = (
				B0AAF2B718997BB400670924 /* musicRadio.app */,
				B0AAF2DB18997BB400670924 /* musicRadioTests.xctest */,
			);
			name = Products;
			sourceTree = "<group>";
		};
		B0AAF2B918997BB400670924 /* Frameworks */ = {
			isa = PBXGroup;
			children = (
				B0AAF2FB189A3ABD00670924 /* AVFoundation.framework */,
				B0AAF2BA18997BB400670924 /* Foundation.framework */,
				B0AAF2BC18997BB400670924 /* CoreGraphics.framework */,
				B0AAF2BE18997BB400670924 /* UIKit.framework */,
				B0AAF2DC18997BB400670924 /* XCTest.framework */,
			);
			name = Frameworks;
			sourceTree = "<group>";
		};
		B0AAF2C018997BB400670924 /* musicRadio */ = {
			isa = PBXGroup;
			children = (
				B0AAF2C918997BB400670924 /* AppDelegate.h */,
				B0AAF2CA18997BB400670924 /* AppDelegate.m */,
				B0F3ACAE18AC245800021126 /* viewClasses */,
				B02C595218AB723200257BC4 /* mainClasses */,
				B02C595118AB720C00257BC4 /* otherClasses */,
				B0865B9018B30CF4007E9B3A /* Images */,
				B02C595018AB71FC00257BC4 /* plugins */,
				B02A696118A2C3EE009FF1EB /* musicRadio.entitlements */,
				B0AAF2CC18997BB400670924 /* Main_iPhone.storyboard */,
				B0AAF2CF18997BB400670924 /* Main_iPad.storyboard */,
				B0AAF2D518997BB400670924 /* Images.xcassets */,
				B02C595318AB72BE00257BC4 /* NoUse */,
				B0AAF2C118997BB400670924 /* Supporting Files */,
			);
			path = musicRadio;
			sourceTree = "<group>";
		};
		B0AAF2C118997BB400670924 /* Supporting Files */ = {
			isa = PBXGroup;
			children = (
				B0AAF2C218997BB400670924 /* musicRadio-Info.plist */,
				B0AAF2C318997BB400670924 /* InfoPlist.strings */,
				B0AAF2C618997BB400670924 /* main.m */,
				B0AAF2C818997BB400670924 /* musicRadio-Prefix.pch */,
			);
			name = "Supporting Files";
			sourceTree = "<group>";
		};
		B0AAF2E218997BB400670924 /* musicRadioTests */ = {
			isa = PBXGroup;
			children = (
				B0AAF2E818997BB400670924 /* musicRadioTests.m */,
				B0AAF2E318997BB400670924 /* Supporting Files */,
			);
			path = musicRadioTests;
			sourceTree = "<group>";
		};
		B0AAF2E318997BB400670924 /* Supporting Files */ = {
			isa = PBXGroup;
			children = (
				B0AAF2E418997BB400670924 /* musicRadioTests-Info.plist */,
				B0AAF2E518997BB400670924 /* InfoPlist.strings */,
			);
			name = "Supporting Files";
			sourceTree = "<group>";
		};
		B0F3ACAE18AC245800021126 /* viewClasses */ = {
			isa = PBXGroup;
			children = (
				B02C594A18AB6F8500257BC4 /* MusicPlayerViewController.h */,
				B02C594B18AB6F8500257BC4 /* MusicPlayerViewController.m */,
				B0F3ACB218AC288700021126 /* Test_SearchViewController.h */,
				B0F3ACB318AC288700021126 /* Test_SearchViewController.m */,
			);
			name = viewClasses;
			sourceTree = "<group>";
		};
/* End PBXGroup section */

/* Begin PBXNativeTarget section */
		B0AAF2B618997BB400670924 /* musicRadio */ = {
			isa = PBXNativeTarget;
			buildConfigurationList = B0AAF2EC18997BB400670924 /* Build configuration list for PBXNativeTarget "musicRadio" */;
			buildPhases = (
				B0AAF2B318997BB400670924 /* Sources */,
				B0AAF2B418997BB400670924 /* Frameworks */,
				B0AAF2B518997BB400670924 /* Resources */,
			);
			buildRules = (
			);
			dependencies = (
			);
			name = musicRadio;
			productName = musicRadio;
			productReference = B0AAF2B718997BB400670924 /* musicRadio.app */;
			productType = "com.apple.product-type.application";
		};
		B0AAF2DA18997BB400670924 /* musicRadioTests */ = {
			isa = PBXNativeTarget;
			buildConfigurationList = B0AAF2EF18997BB400670924 /* Build configuration list for PBXNativeTarget "musicRadioTests" */;
			buildPhases = (
				B0AAF2D718997BB400670924 /* Sources */,
				B0AAF2D818997BB400670924 /* Frameworks */,
				B0AAF2D918997BB400670924 /* Resources */,
			);
			buildRules = (
			);
			dependencies = (
				B0AAF2E118997BB400670924 /* PBXTargetDependency */,
			);
			name = musicRadioTests;
			productName = musicRadioTests;
			productReference = B0AAF2DB18997BB400670924 /* musicRadioTests.xctest */;
			productType = "com.apple.product-type.bundle.unit-test";
		};
/* End PBXNativeTarget section */

/* Begin PBXProject section */
		B0AAF2AF18997BB400670924 /* Project object */ = {
			isa = PBXProject;
			attributes = {
				LastUpgradeCheck = 0500;
				ORGANIZATIONNAME = "Takuya Okamoto";
				TargetAttributes = {
					B0AAF2B618997BB400670924 = {
						DevelopmentTeam = 6N9U78BNZR;
						SystemCapabilities = {
							com.apple.BackgroundModes = {
								enabled = 1;
							};
							com.apple.InterAppAudio = {
								enabled = 0;
							};
						};
					};
					B0AAF2DA18997BB400670924 = {
						TestTargetID = B0AAF2B618997BB400670924;
					};
				};
			};
			buildConfigurationList = B0AAF2B218997BB400670924 /* Build configuration list for PBXProject "musicRadio" */;
			compatibilityVersion = "Xcode 3.2";
			developmentRegion = English;
			hasScannedForEncodings = 0;
			knownRegions = (
				en,
				Base,
			);
			mainGroup = B0AAF2AE18997BB400670924;
			productRefGroup = B0AAF2B818997BB400670924 /* Products */;
			projectDirPath = "";
			projectRoot = "";
			targets = (
				B0AAF2B618997BB400670924 /* musicRadio */,
				B0AAF2DA18997BB400670924 /* musicRadioTests */,
			);
		};
/* End PBXProject section */

/* Begin PBXResourcesBuildPhase section */
		B0AAF2B518997BB400670924 /* Resources */ = {
			isa = PBXResourcesBuildPhase;
			buildActionMask = 2147483647;
			files = (
				B0865B9C18B34566007E9B3A /* blurBG@2x.png in Resources */,
				B0865B9218B30D12007E9B3A /* artist.png in Resources */,
				B0AAF2D118997BB400670924 /* Main_iPad.storyboard in Resources */,
				B0AAF2D618997BB400670924 /* Images.xcassets in Resources */,
				B0865BA018B34ABF007E9B3A /* heart_80@2x.png in Resources */,
				B0865BA618B39E1F007E9B3A /* blurBG4@2x.png in Resources */,
				B0865B9418B33CFD007E9B3A /* nextButton@2x.png in Resources */,
				B0865B9618B33D30007E9B3A /* empty.png in Resources */,
				B0865BA418B39706007E9B3A /* blurBG3@2x.png in Resources */,
				B0865B9A18B33F78007E9B3A /* empty34.png in Resources */,
				B0865B9818B33F15007E9B3A /* empty80.png in Resources */,
				B0AAF2CE18997BB400670924 /* Main_iPhone.storyboard in Resources */,
				B0AAF2C518997BB400670924 /* InfoPlist.strings in Resources */,
				B0865BA218B39269007E9B3A /* blurBG2@2x.png in Resources */,
			);
			runOnlyForDeploymentPostprocessing = 0;
		};
		B0AAF2D918997BB400670924 /* Resources */ = {
			isa = PBXResourcesBuildPhase;
			buildActionMask = 2147483647;
			files = (
				B0AAF2E718997BB400670924 /* InfoPlist.strings in Resources */,
			);
			runOnlyForDeploymentPostprocessing = 0;
		};
/* End PBXResourcesBuildPhase section */

/* Begin PBXSourcesBuildPhase section */
		B0AAF2B318997BB400670924 /* Sources */ = {
			isa = PBXSourcesBuildPhase;
			buildActionMask = 2147483647;
			files = (
				B0AAF2F41899809300670924 /* MRPlaylistManager.m in Sources */,
				B0AAF34F189AB32B00670924 /* MRHttpRequest.m in Sources */,
				B067D4E018BB53D5001E046D /* MRLyricFetcher.m in Sources */,
				B02C595618AB8D2F00257BC4 /* MRYoutubeRequest.m in Sources */,
				B02C594C18AB6F8500257BC4 /* MusicPlayerViewController.m in Sources */,
				B0AAF2F718998C4D00670924 /* MRMusicPlayer.m in Sources */,
				B0F3ACB418AC288700021126 /* Test_SearchViewController.m in Sources */,
				B0AAF355189AB87900670924 /* MRExfmRequest.m in Sources */,
				B0AAF358189AE02000670924 /* TestplayViewController.m in Sources */,
				B0AAF2CB18997BB400670924 /* AppDelegate.m in Sources */,
				B0AAF352189AB74300670924 /* MRLastfmRequest.m in Sources */,
				B0AAF349189A7A1600670924 /* MRRadio.m in Sources */,
				B0AAF2C718997BB400670924 /* main.m in Sources */,
				B02C594F18AB71F400257BC4 /* XCDYouTubeVideoPlayerViewController.m in Sources */,
			);
			runOnlyForDeploymentPostprocessing = 0;
		};
		B0AAF2D718997BB400670924 /* Sources */ = {
			isa = PBXSourcesBuildPhase;
			buildActionMask = 2147483647;
			files = (
				B0AAF2E918997BB400670924 /* musicRadioTests.m in Sources */,
			);
			runOnlyForDeploymentPostprocessing = 0;
		};
/* End PBXSourcesBuildPhase section */

/* Begin PBXTargetDependency section */
		B0AAF2E118997BB400670924 /* PBXTargetDependency */ = {
			isa = PBXTargetDependency;
			target = B0AAF2B618997BB400670924 /* musicRadio */;
			targetProxy = B0AAF2E018997BB400670924 /* PBXContainerItemProxy */;
		};
/* End PBXTargetDependency section */

/* Begin PBXVariantGroup section */
		B0AAF2C318997BB400670924 /* InfoPlist.strings */ = {
			isa = PBXVariantGroup;
			children = (
				B0AAF2C418997BB400670924 /* en */,
			);
			name = InfoPlist.strings;
			sourceTree = "<group>";
		};
		B0AAF2CC18997BB400670924 /* Main_iPhone.storyboard */ = {
			isa = PBXVariantGroup;
			children = (
				B0AAF2CD18997BB400670924 /* Base */,
			);
			name = Main_iPhone.storyboard;
			sourceTree = "<group>";
		};
		B0AAF2CF18997BB400670924 /* Main_iPad.storyboard */ = {
			isa = PBXVariantGroup;
			children = (
				B0AAF2D018997BB400670924 /* Base */,
			);
			name = Main_iPad.storyboard;
			sourceTree = "<group>";
		};
		B0AAF2E518997BB400670924 /* InfoPlist.strings */ = {
			isa = PBXVariantGroup;
			children = (
				B0AAF2E618997BB400670924 /* en */,
			);
			name = InfoPlist.strings;
			sourceTree = "<group>";
		};
/* End PBXVariantGroup section */

/* Begin XCBuildConfiguration section */
		B0AAF2EA18997BB400670924 /* Debug */ = {
			isa = XCBuildConfiguration;
			buildSettings = {
				ALWAYS_SEARCH_USER_PATHS = NO;
				ARCHS = "$(ARCHS_STANDARD_INCLUDING_64_BIT)";
				CLANG_CXX_LANGUAGE_STANDARD = "gnu++0x";
				CLANG_CXX_LIBRARY = "libc++";
				CLANG_ENABLE_MODULES = YES;
				CLANG_ENABLE_OBJC_ARC = YES;
				CLANG_WARN_BOOL_CONVERSION = YES;
				CLANG_WARN_CONSTANT_CONVERSION = YES;
				CLANG_WARN_DIRECT_OBJC_ISA_USAGE = YES_ERROR;
				CLANG_WARN_EMPTY_BODY = YES;
				CLANG_WARN_ENUM_CONVERSION = YES;
				CLANG_WARN_INT_CONVERSION = YES;
				CLANG_WARN_OBJC_ROOT_CLASS = YES_ERROR;
				CLANG_WARN__DUPLICATE_METHOD_MATCH = YES;
				"CODE_SIGN_IDENTITY[sdk=iphoneos*]" = "iPhone Developer";
				COPY_PHASE_STRIP = NO;
				GCC_C_LANGUAGE_STANDARD = gnu99;
				GCC_DYNAMIC_NO_PIC = NO;
				GCC_OPTIMIZATION_LEVEL = 0;
				GCC_PREPROCESSOR_DEFINITIONS = (
					"DEBUG=1",
					"$(inherited)",
				);
				GCC_SYMBOLS_PRIVATE_EXTERN = NO;
				GCC_WARN_64_TO_32_BIT_CONVERSION = YES;
				GCC_WARN_ABOUT_RETURN_TYPE = YES_ERROR;
				GCC_WARN_UNDECLARED_SELECTOR = YES;
				GCC_WARN_UNINITIALIZED_AUTOS = YES;
				GCC_WARN_UNUSED_FUNCTION = YES;
				GCC_WARN_UNUSED_VARIABLE = YES;
				IPHONEOS_DEPLOYMENT_TARGET = 7.0;
				ONLY_ACTIVE_ARCH = YES;
				SDKROOT = iphoneos;
				TARGETED_DEVICE_FAMILY = "1,2";
			};
			name = Debug;
		};
		B0AAF2EB18997BB400670924 /* Release */ = {
			isa = XCBuildConfiguration;
			buildSettings = {
				ALWAYS_SEARCH_USER_PATHS = NO;
				ARCHS = "$(ARCHS_STANDARD_INCLUDING_64_BIT)";
				CLANG_CXX_LANGUAGE_STANDARD = "gnu++0x";
				CLANG_CXX_LIBRARY = "libc++";
				CLANG_ENABLE_MODULES = YES;
				CLANG_ENABLE_OBJC_ARC = YES;
				CLANG_WARN_BOOL_CONVERSION = YES;
				CLANG_WARN_CONSTANT_CONVERSION = YES;
				CLANG_WARN_DIRECT_OBJC_ISA_USAGE = YES_ERROR;
				CLANG_WARN_EMPTY_BODY = YES;
				CLANG_WARN_ENUM_CONVERSION = YES;
				CLANG_WARN_INT_CONVERSION = YES;
				CLANG_WARN_OBJC_ROOT_CLASS = YES_ERROR;
				CLANG_WARN__DUPLICATE_METHOD_MATCH = YES;
				"CODE_SIGN_IDENTITY[sdk=iphoneos*]" = "iPhone Developer";
				COPY_PHASE_STRIP = YES;
				ENABLE_NS_ASSERTIONS = NO;
				GCC_C_LANGUAGE_STANDARD = gnu99;
				GCC_WARN_64_TO_32_BIT_CONVERSION = YES;
				GCC_WARN_ABOUT_RETURN_TYPE = YES_ERROR;
				GCC_WARN_UNDECLARED_SELECTOR = YES;
				GCC_WARN_UNINITIALIZED_AUTOS = YES;
				GCC_WARN_UNUSED_FUNCTION = YES;
				GCC_WARN_UNUSED_VARIABLE = YES;
				IPHONEOS_DEPLOYMENT_TARGET = 7.0;
				SDKROOT = iphoneos;
				TARGETED_DEVICE_FAMILY = "1,2";
				VALIDATE_PRODUCT = YES;
			};
			name = Release;
		};
		B0AAF2ED18997BB400670924 /* Debug */ = {
			isa = XCBuildConfiguration;
			buildSettings = {
				ASSETCATALOG_COMPILER_APPICON_NAME = AppIcon;
				ASSETCATALOG_COMPILER_LAUNCHIMAGE_NAME = LaunchImage;
				CODE_SIGN_IDENTITY = "iPhone Developer";
				"CODE_SIGN_IDENTITY[sdk=iphoneos*]" = "iPhone Developer";
				GCC_PRECOMPILE_PREFIX_HEADER = YES;
				GCC_PREFIX_HEADER = "musicRadio/musicRadio-Prefix.pch";
				INFOPLIST_FILE = "musicRadio/musicRadio-Info.plist";
				IPHONEOS_DEPLOYMENT_TARGET = 6.0;
				PRODUCT_NAME = "$(TARGET_NAME)";
				PROVISIONING_PROFILE = "";
				WRAPPER_EXTENSION = app;
			};
			name = Debug;
		};
		B0AAF2EE18997BB400670924 /* Release */ = {
			isa = XCBuildConfiguration;
			buildSettings = {
				ASSETCATALOG_COMPILER_APPICON_NAME = AppIcon;
				ASSETCATALOG_COMPILER_LAUNCHIMAGE_NAME = LaunchImage;
				CODE_SIGN_IDENTITY = "iPhone Developer";
				"CODE_SIGN_IDENTITY[sdk=iphoneos*]" = "iPhone Developer";
				GCC_PRECOMPILE_PREFIX_HEADER = YES;
				GCC_PREFIX_HEADER = "musicRadio/musicRadio-Prefix.pch";
				INFOPLIST_FILE = "musicRadio/musicRadio-Info.plist";
				IPHONEOS_DEPLOYMENT_TARGET = 6.0;
				PRODUCT_NAME = "$(TARGET_NAME)";
				PROVISIONING_PROFILE = "";
				WRAPPER_EXTENSION = app;
			};
			name = Release;
		};
		B0AAF2F018997BB400670924 /* Debug */ = {
			isa = XCBuildConfiguration;
			buildSettings = {
				ARCHS = "$(ARCHS_STANDARD_INCLUDING_64_BIT)";
				BUNDLE_LOADER = "$(BUILT_PRODUCTS_DIR)/musicRadio.app/musicRadio";
				FRAMEWORK_SEARCH_PATHS = (
					"$(SDKROOT)/Developer/Library/Frameworks",
					"$(inherited)",
					"$(DEVELOPER_FRAMEWORKS_DIR)",
				);
				GCC_PRECOMPILE_PREFIX_HEADER = YES;
				GCC_PREFIX_HEADER = "musicRadio/musicRadio-Prefix.pch";
				GCC_PREPROCESSOR_DEFINITIONS = (
					"DEBUG=1",
					"$(inherited)",
				);
				INFOPLIST_FILE = "musicRadioTests/musicRadioTests-Info.plist";
				PRODUCT_NAME = "$(TARGET_NAME)";
				TEST_HOST = "$(BUNDLE_LOADER)";
				WRAPPER_EXTENSION = xctest;
			};
			name = Debug;
		};
		B0AAF2F118997BB400670924 /* Release */ = {
			isa = XCBuildConfiguration;
			buildSettings = {
				ARCHS = "$(ARCHS_STANDARD_INCLUDING_64_BIT)";
				BUNDLE_LOADER = "$(BUILT_PRODUCTS_DIR)/musicRadio.app/musicRadio";
				FRAMEWORK_SEARCH_PATHS = (
					"$(SDKROOT)/Developer/Library/Frameworks",
					"$(inherited)",
					"$(DEVELOPER_FRAMEWORKS_DIR)",
				);
				GCC_PRECOMPILE_PREFIX_HEADER = YES;
				GCC_PREFIX_HEADER = "musicRadio/musicRadio-Prefix.pch";
				INFOPLIST_FILE = "musicRadioTests/musicRadioTests-Info.plist";
				PRODUCT_NAME = "$(TARGET_NAME)";
				TEST_HOST = "$(BUNDLE_LOADER)";
				WRAPPER_EXTENSION = xctest;
			};
			name = Release;
		};
/* End XCBuildConfiguration section */

/* Begin XCConfigurationList section */
		B0AAF2B218997BB400670924 /* Build configuration list for PBXProject "musicRadio" */ = {
			isa = XCConfigurationList;
			buildConfigurations = (
				B0AAF2EA18997BB400670924 /* Debug */,
				B0AAF2EB18997BB400670924 /* Release */,
			);
			defaultConfigurationIsVisible = 0;
			defaultConfigurationName = Release;
		};
		B0AAF2EC18997BB400670924 /* Build configuration list for PBXNativeTarget "musicRadio" */ = {
			isa = XCConfigurationList;
			buildConfigurations = (
				B0AAF2ED18997BB400670924 /* Debug */,
				B0AAF2EE18997BB400670924 /* Release */,
			);
			defaultConfigurationIsVisible = 0;
			defaultConfigurationName = Release;
		};
		B0AAF2EF18997BB400670924 /* Build configuration list for PBXNativeTarget "musicRadioTests" */ = {
			isa = XCConfigurationList;
			buildConfigurations = (
				B0AAF2F018997BB400670924 /* Debug */,
				B0AAF2F118997BB400670924 /* Release */,
			);
			defaultConfigurationIsVisible = 0;
			defaultConfigurationName = Release;
		};
/* End XCConfigurationList section */
	};
	rootObject = B0AAF2AF18997BB400670924 /* Project object */;
}
