// !$*UTF8*$!
{
	archiveVersion = 1;
	classes = {
	};
	objectVersion = 46;
	objects = {

/* Begin PBXBuildFile section */
		B039790D18CE335C001F0D6A /* ShadowStyleLabel.m in Sources */ = {isa = PBXBuildFile; fileRef = B039790C18CE335C001F0D6A /* ShadowStyleLabel.m */; };
		B039791018CE39F6001F0D6A /* next40@2x.png in Resources */ = {isa = PBXBuildFile; fileRef = B039790E18CE39F6001F0D6A /* next40@2x.png */; };
		B039791118CE39F6001F0D6A /* heart40@2x.png in Resources */ = {isa = PBXBuildFile; fileRef = B039790F18CE39F6001F0D6A /* heart40@2x.png */; };
		B050ECE51912D8CC00041C0C /* musicRadio.xcdatamodeld in Sources */ = {isa = PBXBuildFile; fileRef = B050ECE31912D8CC00041C0C /* musicRadio.xcdatamodeld */; };
		B050ECE81912D96B00041C0C /* Faved.m in Sources */ = {isa = PBXBuildFile; fileRef = B050ECE71912D96B00041C0C /* Faved.m */; };
		B050ECEB1912DC3E00041C0C /* FavedTableViewController.m in Sources */ = {isa = PBXBuildFile; fileRef = B050ECEA1912DC3E00041C0C /* FavedTableViewController.m */; };
		B050ECEE1912DC9C00041C0C /* FavedCell.m in Sources */ = {isa = PBXBuildFile; fileRef = B050ECED1912DC9C00041C0C /* FavedCell.m */; };
		B050ECF01912E4FE00041C0C /* CoreData.framework in Frameworks */ = {isa = PBXBuildFile; fileRef = B050ECEF1912E4FE00041C0C /* CoreData.framework */; };
		B0563F1A190D35C000207476 /* music_icon_40@2x.png in Resources */ = {isa = PBXBuildFile; fileRef = B0563F19190D35C000207476 /* music_icon_40@2x.png */; };
		B0563F1C190D3DDF00207476 /* searchIcon_40@2x.png in Resources */ = {isa = PBXBuildFile; fileRef = B0563F1B190D3DDF00207476 /* searchIcon_40@2x.png */; };
		B0563F1E190D3EB600207476 /* searchIcon_white_40@2x.png in Resources */ = {isa = PBXBuildFile; fileRef = B0563F1D190D3EB600207476 /* searchIcon_white_40@2x.png */; };
		B067D53218BDD8BA001E046D /* QuartzCore.framework in Frameworks */ = {isa = PBXBuildFile; fileRef = B067D53118BDD8BA001E046D /* QuartzCore.framework */; };
		B073B03A18D9A5BB006CC3A4 /* next@2x.png in Resources */ = {isa = PBXBuildFile; fileRef = B073B03718D9A5BB006CC3A4 /* next@2x.png */; };
		B073B03B18D9A5BB006CC3A4 /* play@2x.png in Resources */ = {isa = PBXBuildFile; fileRef = B073B03818D9A5BB006CC3A4 /* play@2x.png */; };
		B073B03C18D9A5BB006CC3A4 /* pause@2x.png in Resources */ = {isa = PBXBuildFile; fileRef = B073B03918D9A5BB006CC3A4 /* pause@2x.png */; };
		B073B03E18D9A64E006CC3A4 /* heart@2x.png in Resources */ = {isa = PBXBuildFile; fileRef = B073B03D18D9A64E006CC3A4 /* heart@2x.png */; };
		B0AAF2BB18997BB400670924 /* Foundation.framework in Frameworks */ = {isa = PBXBuildFile; fileRef = B0AAF2BA18997BB400670924 /* Foundation.framework */; };
		B0AAF2BD18997BB400670924 /* CoreGraphics.framework in Frameworks */ = {isa = PBXBuildFile; fileRef = B0AAF2BC18997BB400670924 /* CoreGraphics.framework */; };
		B0AAF2BF18997BB400670924 /* UIKit.framework in Frameworks */ = {isa = PBXBuildFile; fileRef = B0AAF2BE18997BB400670924 /* UIKit.framework */; };
		B0AAF2C518997BB400670924 /* InfoPlist.strings in Resources */ = {isa = PBXBuildFile; fileRef = B0AAF2C318997BB400670924 /* InfoPlist.strings */; };
		B0AAF2C718997BB400670924 /* main.m in Sources */ = {isa = PBXBuildFile; fileRef = B0AAF2C618997BB400670924 /* main.m */; };
		B0AAF2CB18997BB400670924 /* AppDelegate.m in Sources */ = {isa = PBXBuildFile; fileRef = B0AAF2CA18997BB400670924 /* AppDelegate.m */; };
		B0AAF2D618997BB400670924 /* Images.xcassets in Resources */ = {isa = PBXBuildFile; fileRef = B0AAF2D518997BB400670924 /* Images.xcassets */; };
		B0AAF2DD18997BB400670924 /* XCTest.framework in Frameworks */ = {isa = PBXBuildFile; fileRef = B0AAF2DC18997BB400670924 /* XCTest.framework */; };
		B0AAF2DE18997BB400670924 /* Foundation.framework in Frameworks */ = {isa = PBXBuildFile; fileRef = B0AAF2BA18997BB400670924 /* Foundation.framework */; };
		B0AAF2DF18997BB400670924 /* UIKit.framework in Frameworks */ = {isa = PBXBuildFile; fileRef = B0AAF2BE18997BB400670924 /* UIKit.framework */; };
		B0AAF2E718997BB400670924 /* InfoPlist.strings in Resources */ = {isa = PBXBuildFile; fileRef = B0AAF2E518997BB400670924 /* InfoPlist.strings */; };
		B0AAF2E918997BB400670924 /* musicRadioTests.m in Sources */ = {isa = PBXBuildFile; fileRef = B0AAF2E818997BB400670924 /* musicRadioTests.m */; };
		B0AAF2FC189A3ABD00670924 /* AVFoundation.framework in Frameworks */ = {isa = PBXBuildFile; fileRef = B0AAF2FB189A3ABD00670924 /* AVFoundation.framework */; };
		B0B39785191607FE00FF5C95 /* MRFavedPlayer.m in Sources */ = {isa = PBXBuildFile; fileRef = B0B39784191607FE00FF5C95 /* MRFavedPlayer.m */; };
		B0D7686F18C8E1FD001EEE8D /* MRPlaylistManager.m in Sources */ = {isa = PBXBuildFile; fileRef = B0D7686C18C8E1FD001EEE8D /* MRPlaylistManager.m */; };
		B0D7687018C8E1FD001EEE8D /* MRRadio.m in Sources */ = {isa = PBXBuildFile; fileRef = B0D7686E18C8E1FD001EEE8D /* MRRadio.m */; };
		B0D7687B18C8E20C001EEE8D /* MRExfmRequest.m in Sources */ = {isa = PBXBuildFile; fileRef = B0D7687218C8E20C001EEE8D /* MRExfmRequest.m */; };
		B0D7687C18C8E20C001EEE8D /* MRHttpRequest.m in Sources */ = {isa = PBXBuildFile; fileRef = B0D7687418C8E20C001EEE8D /* MRHttpRequest.m */; };
		B0D7687D18C8E20C001EEE8D /* MRLastfmRequest.m in Sources */ = {isa = PBXBuildFile; fileRef = B0D7687618C8E20C001EEE8D /* MRLastfmRequest.m */; };
		B0D7687E18C8E20C001EEE8D /* MRLyricFetcher.m in Sources */ = {isa = PBXBuildFile; fileRef = B0D7687818C8E20C001EEE8D /* MRLyricFetcher.m */; };
		B0D7687F18C8E20C001EEE8D /* MRYoutubeRequest.m in Sources */ = {isa = PBXBuildFile; fileRef = B0D7687A18C8E20C001EEE8D /* MRYoutubeRequest.m */; };
		B0D768B018C8E293001EEE8D /* artist.png in Resources */ = {isa = PBXBuildFile; fileRef = B0D768A018C8E293001EEE8D /* artist.png */; };
		B0D768B118C8E293001EEE8D /* blurBG@2x.png in Resources */ = {isa = PBXBuildFile; fileRef = B0D768A118C8E293001EEE8D /* blurBG@2x.png */; };
		B0D768B218C8E293001EEE8D /* blurBG2@2x.png in Resources */ = {isa = PBXBuildFile; fileRef = B0D768A218C8E293001EEE8D /* blurBG2@2x.png */; };
		B0D768B318C8E293001EEE8D /* blurBG3@2x.png in Resources */ = {isa = PBXBuildFile; fileRef = B0D768A318C8E293001EEE8D /* blurBG3@2x.png */; };
		B0D768B418C8E293001EEE8D /* blurBG4@2x.png in Resources */ = {isa = PBXBuildFile; fileRef = B0D768A418C8E293001EEE8D /* blurBG4@2x.png */; };
		B0D768B518C8E293001EEE8D /* CRSTL_BG@2x.png in Resources */ = {isa = PBXBuildFile; fileRef = B0D768A518C8E293001EEE8D /* CRSTL_BG@2x.png */; };
		B0D768B618C8E293001EEE8D /* empty.png in Resources */ = {isa = PBXBuildFile; fileRef = B0D768A618C8E293001EEE8D /* empty.png */; };
		B0D768B718C8E293001EEE8D /* empty34.png in Resources */ = {isa = PBXBuildFile; fileRef = B0D768A718C8E293001EEE8D /* empty34.png */; };
		B0D768B818C8E293001EEE8D /* empty80.png in Resources */ = {isa = PBXBuildFile; fileRef = B0D768A818C8E293001EEE8D /* empty80.png */; };
		B0D768B918C8E293001EEE8D /* heart_80@2x.png in Resources */ = {isa = PBXBuildFile; fileRef = B0D768A918C8E293001EEE8D /* heart_80@2x.png */; };
		B0D768BA18C8E293001EEE8D /* heart80@2x.png in Resources */ = {isa = PBXBuildFile; fileRef = B0D768AA18C8E293001EEE8D /* heart80@2x.png */; };
		B0D768BB18C8E293001EEE8D /* music2_400@2x.png in Resources */ = {isa = PBXBuildFile; fileRef = B0D768AB18C8E293001EEE8D /* music2_400@2x.png */; };
		B0D768BC18C8E293001EEE8D /* music59.png in Resources */ = {isa = PBXBuildFile; fileRef = B0D768AC18C8E293001EEE8D /* music59.png */; };
		B0D768BD18C8E293001EEE8D /* music400@2x.png in Resources */ = {isa = PBXBuildFile; fileRef = B0D768AD18C8E293001EEE8D /* music400@2x.png */; };
		B0D768BE18C8E293001EEE8D /* nextButton@2x.png in Resources */ = {isa = PBXBuildFile; fileRef = B0D768AE18C8E293001EEE8D /* nextButton@2x.png */; };
		B0D768BF18C8E293001EEE8D /* test_image_androp.png in Resources */ = {isa = PBXBuildFile; fileRef = B0D768AF18C8E293001EEE8D /* test_image_androp.png */; };
		B0D768C818C8E2C2001EEE8D /* FirstNavigationViewController.m in Sources */ = {isa = PBXBuildFile; fileRef = B0D768C118C8E2C2001EEE8D /* FirstNavigationViewController.m */; };
		B0D768C918C8E2C2001EEE8D /* MusicPlayerViewController.m in Sources */ = {isa = PBXBuildFile; fileRef = B0D768C318C8E2C2001EEE8D /* MusicPlayerViewController.m */; };
		B0D768CA18C8E2C2001EEE8D /* StartingRadioViewController.m in Sources */ = {isa = PBXBuildFile; fileRef = B0D768C518C8E2C2001EEE8D /* StartingRadioViewController.m */; };
		B0D768CB18C8E2C2001EEE8D /* Test_SearchViewController.m in Sources */ = {isa = PBXBuildFile; fileRef = B0D768C718C8E2C2001EEE8D /* Test_SearchViewController.m */; };
		B0D768D018C8E302001EEE8D /* FXBlurView.m in Sources */ = {isa = PBXBuildFile; fileRef = B0D768CD18C8E302001EEE8D /* FXBlurView.m */; };
		B0D768D118C8E302001EEE8D /* XCDYouTubeVideoPlayerViewController.m in Sources */ = {isa = PBXBuildFile; fileRef = B0D768CF18C8E302001EEE8D /* XCDYouTubeVideoPlayerViewController.m */; };
		B0D768DA18C8FA0D001EEE8D /* SearchViewController.m in Sources */ = {isa = PBXBuildFile; fileRef = B0D768D918C8FA0D001EEE8D /* SearchViewController.m */; };
/* End PBXBuildFile section */

/* Begin PBXContainerItemProxy section */
		B0AAF2E018997BB400670924 /* PBXContainerItemProxy */ = {
			isa = PBXContainerItemProxy;
			containerPortal = B0AAF2AF18997BB400670924 /* Project object */;
			proxyType = 1;
			remoteGlobalIDString = B0AAF2B618997BB400670924;
			remoteInfo = musicRadio;
		};
/* End PBXContainerItemProxy section */

/* Begin PBXFileReference section */
		B02A696118A2C3EE009FF1EB /* musicRadio.entitlements */ = {isa = PBXFileReference; lastKnownFileType = text.xml; path = musicRadio.entitlements; sourceTree = "<group>"; };
		B039790B18CE335C001F0D6A /* ShadowStyleLabel.h */ = {isa = PBXFileReference; fileEncoding = 4; lastKnownFileType = sourcecode.c.h; path = ShadowStyleLabel.h; sourceTree = SOURCE_ROOT; };
		B039790C18CE335C001F0D6A /* ShadowStyleLabel.m */ = {isa = PBXFileReference; fileEncoding = 4; lastKnownFileType = sourcecode.c.objc; path = ShadowStyleLabel.m; sourceTree = SOURCE_ROOT; };
		B039790E18CE39F6001F0D6A /* next40@2x.png */ = {isa = PBXFileReference; lastKnownFileType = image.png; path = "next40@2x.png"; sourceTree = "<group>"; };
		B039790F18CE39F6001F0D6A /* heart40@2x.png */ = {isa = PBXFileReference; lastKnownFileType = image.png; path = "heart40@2x.png"; sourceTree = "<group>"; };
		B050ECE41912D8CC00041C0C /* musicRadio.xcdatamodel */ = {isa = PBXFileReference; lastKnownFileType = wrapper.xcdatamodel; path = musicRadio.xcdatamodel; sourceTree = "<group>"; };
		B050ECE61912D96B00041C0C /* Faved.h */ = {isa = PBXFileReference; fileEncoding = 4; lastKnownFileType = sourcecode.c.h; name = Faved.h; path = Model/Faved.h; sourceTree = "<group>"; };
		B050ECE71912D96B00041C0C /* Faved.m */ = {isa = PBXFileReference; fileEncoding = 4; lastKnownFileType = sourcecode.c.objc; name = Faved.m; path = Model/Faved.m; sourceTree = "<group>"; };
		B050ECE91912DC3E00041C0C /* FavedTableViewController.h */ = {isa = PBXFileReference; fileEncoding = 4; lastKnownFileType = sourcecode.c.h; path = FavedTableViewController.h; sourceTree = "<group>"; };
		B050ECEA1912DC3E00041C0C /* FavedTableViewController.m */ = {isa = PBXFileReference; fileEncoding = 4; lastKnownFileType = sourcecode.c.objc; path = FavedTableViewController.m; sourceTree = "<group>"; };
		B050ECEC1912DC9C00041C0C /* FavedCell.h */ = {isa = PBXFileReference; fileEncoding = 4; lastKnownFileType = sourcecode.c.h; path = FavedCell.h; sourceTree = "<group>"; };
		B050ECED1912DC9C00041C0C /* FavedCell.m */ = {isa = PBXFileReference; fileEncoding = 4; lastKnownFileType = sourcecode.c.objc; path = FavedCell.m; sourceTree = "<group>"; };
		B050ECEF1912E4FE00041C0C /* CoreData.framework */ = {isa = PBXFileReference; lastKnownFileType = wrapper.framework; name = CoreData.framework; path = System/Library/Frameworks/CoreData.framework; sourceTree = SDKROOT; };
		B0563F19190D35C000207476 /* music_icon_40@2x.png */ = {isa = PBXFileReference; lastKnownFileType = image.png; path = "music_icon_40@2x.png"; sourceTree = "<group>"; };
		B0563F1B190D3DDF00207476 /* searchIcon_40@2x.png */ = {isa = PBXFileReference; lastKnownFileType = image.png; path = "searchIcon_40@2x.png"; sourceTree = "<group>"; };
		B0563F1D190D3EB600207476 /* searchIcon_white_40@2x.png */ = {isa = PBXFileReference; lastKnownFileType = image.png; path = "searchIcon_white_40@2x.png"; sourceTree = "<group>"; };
		B067D53118BDD8BA001E046D /* QuartzCore.framework */ = {isa = PBXFileReference; lastKnownFileType = wrapper.framework; name = QuartzCore.framework; path = System/Library/Frameworks/QuartzCore.framework; sourceTree = SDKROOT; };
		B073B03718D9A5BB006CC3A4 /* next@2x.png */ = {isa = PBXFileReference; lastKnownFileType = image.png; path = "next@2x.png"; sourceTree = "<group>"; };
		B073B03818D9A5BB006CC3A4 /* play@2x.png */ = {isa = PBXFileReference; lastKnownFileType = image.png; path = "play@2x.png"; sourceTree = "<group>"; };
		B073B03918D9A5BB006CC3A4 /* pause@2x.png */ = {isa = PBXFileReference; lastKnownFileType = image.png; path = "pause@2x.png"; sourceTree = "<group>"; };
		B073B03D18D9A64E006CC3A4 /* heart@2x.png */ = {isa = PBXFileReference; lastKnownFileType = image.png; path = "heart@2x.png"; sourceTree = "<group>"; };
		B0AAF2B718997BB400670924 /* musicRadio.app */ = {isa = PBXFileReference; explicitFileType = wrapper.application; includeInIndex = 0; path = musicRadio.app; sourceTree = BUILT_PRODUCTS_DIR; };
		B0AAF2BA18997BB400670924 /* Foundation.framework */ = {isa = PBXFileReference; lastKnownFileType = wrapper.framework; name = Foundation.framework; path = System/Library/Frameworks/Foundation.framework; sourceTree = SDKROOT; };
		B0AAF2BC18997BB400670924 /* CoreGraphics.framework */ = {isa = PBXFileReference; lastKnownFileType = wrapper.framework; name = CoreGraphics.framework; path = System/Library/Frameworks/CoreGraphics.framework; sourceTree = SDKROOT; };
		B0AAF2BE18997BB400670924 /* UIKit.framework */ = {isa = PBXFileReference; lastKnownFileType = wrapper.framework; name = UIKit.framework; path = System/Library/Frameworks/UIKit.framework; sourceTree = SDKROOT; };
		B0AAF2C218997BB400670924 /* musicRadio-Info.plist */ = {isa = PBXFileReference; lastKnownFileType = text.plist.xml; path = "musicRadio-Info.plist"; sourceTree = "<group>"; };
		B0AAF2C418997BB400670924 /* en */ = {isa = PBXFileReference; lastKnownFileType = text.plist.strings; name = en; path = en.lproj/InfoPlist.strings; sourceTree = "<group>"; };
		B0AAF2C618997BB400670924 /* main.m */ = {isa = PBXFileReference; lastKnownFileType = sourcecode.c.objc; path = main.m; sourceTree = "<group>"; };
		B0AAF2C818997BB400670924 /* musicRadio-Prefix.pch */ = {isa = PBXFileReference; lastKnownFileType = sourcecode.c.h; path = "musicRadio-Prefix.pch"; sourceTree = "<group>"; };
		B0AAF2C918997BB400670924 /* AppDelegate.h */ = {isa = PBXFileReference; lastKnownFileType = sourcecode.c.h; path = AppDelegate.h; sourceTree = "<group>"; };
		B0AAF2CA18997BB400670924 /* AppDelegate.m */ = {isa = PBXFileReference; lastKnownFileType = sourcecode.c.objc; path = AppDelegate.m; sourceTree = "<group>"; };
		B0AAF2D518997BB400670924 /* Images.xcassets */ = {isa = PBXFileReference; lastKnownFileType = folder.assetcatalog; path = Images.xcassets; sourceTree = "<group>"; };
		B0AAF2DB18997BB400670924 /* musicRadioTests.xctest */ = {isa = PBXFileReference; explicitFileType = wrapper.cfbundle; includeInIndex = 0; path = musicRadioTests.xctest; sourceTree = BUILT_PRODUCTS_DIR; };
		B0AAF2DC18997BB400670924 /* XCTest.framework */ = {isa = PBXFileReference; lastKnownFileType = wrapper.framework; name = XCTest.framework; path = Library/Frameworks/XCTest.framework; sourceTree = DEVELOPER_DIR; };
		B0AAF2E418997BB400670924 /* musicRadioTests-Info.plist */ = {isa = PBXFileReference; lastKnownFileType = text.plist.xml; path = "musicRadioTests-Info.plist"; sourceTree = "<group>"; };
		B0AAF2E618997BB400670924 /* en */ = {isa = PBXFileReference; lastKnownFileType = text.plist.strings; name = en; path = en.lproj/InfoPlist.strings; sourceTree = "<group>"; };
		B0AAF2E818997BB400670924 /* musicRadioTests.m */ = {isa = PBXFileReference; lastKnownFileType = sourcecode.c.objc; path = musicRadioTests.m; sourceTree = "<group>"; };
		B0AAF2FB189A3ABD00670924 /* AVFoundation.framework */ = {isa = PBXFileReference; lastKnownFileType = wrapper.framework; name = AVFoundation.framework; path = System/Library/Frameworks/AVFoundation.framework; sourceTree = SDKROOT; };
		B0B39783191607FE00FF5C95 /* MRFavedPlayer.h */ = {isa = PBXFileReference; fileEncoding = 4; lastKnownFileType = sourcecode.c.h; path = MRFavedPlayer.h; sourceTree = "<group>"; };
		B0B39784191607FE00FF5C95 /* MRFavedPlayer.m */ = {isa = PBXFileReference; fileEncoding = 4; lastKnownFileType = sourcecode.c.objc; path = MRFavedPlayer.m; sourceTree = "<group>"; };
		B0D7686B18C8E1FD001EEE8D /* MRPlaylistManager.h */ = {isa = PBXFileReference; fileEncoding = 4; lastKnownFileType = sourcecode.c.h; name = MRPlaylistManager.h; path = MainClasses/MRPlaylistManager.h; sourceTree = "<group>"; };
		B0D7686C18C8E1FD001EEE8D /* MRPlaylistManager.m */ = {isa = PBXFileReference; fileEncoding = 4; lastKnownFileType = sourcecode.c.objc; name = MRPlaylistManager.m; path = MainClasses/MRPlaylistManager.m; sourceTree = "<group>"; };
		B0D7686D18C8E1FD001EEE8D /* MRRadio.h */ = {isa = PBXFileReference; fileEncoding = 4; lastKnownFileType = sourcecode.c.h; path = MRRadio.h; sourceTree = "<group>"; };
		B0D7686E18C8E1FD001EEE8D /* MRRadio.m */ = {isa = PBXFileReference; fileEncoding = 4; lastKnownFileType = sourcecode.c.objc; path = MRRadio.m; sourceTree = "<group>"; };
		B0D7687118C8E20C001EEE8D /* MRExfmRequest.h */ = {isa = PBXFileReference; fileEncoding = 4; lastKnownFileType = sourcecode.c.h; path = MRExfmRequest.h; sourceTree = "<group>"; };
		B0D7687218C8E20C001EEE8D /* MRExfmRequest.m */ = {isa = PBXFileReference; fileEncoding = 4; lastKnownFileType = sourcecode.c.objc; path = MRExfmRequest.m; sourceTree = "<group>"; };
		B0D7687318C8E20C001EEE8D /* MRHttpRequest.h */ = {isa = PBXFileReference; fileEncoding = 4; lastKnownFileType = sourcecode.c.h; path = MRHttpRequest.h; sourceTree = "<group>"; };
		B0D7687418C8E20C001EEE8D /* MRHttpRequest.m */ = {isa = PBXFileReference; fileEncoding = 4; lastKnownFileType = sourcecode.c.objc; path = MRHttpRequest.m; sourceTree = "<group>"; };
		B0D7687518C8E20C001EEE8D /* MRLastfmRequest.h */ = {isa = PBXFileReference; fileEncoding = 4; lastKnownFileType = sourcecode.c.h; path = MRLastfmRequest.h; sourceTree = "<group>"; };
		B0D7687618C8E20C001EEE8D /* MRLastfmRequest.m */ = {isa = PBXFileReference; fileEncoding = 4; lastKnownFileType = sourcecode.c.objc; path = MRLastfmRequest.m; sourceTree = "<group>"; };
		B0D7687718C8E20C001EEE8D /* MRLyricFetcher.h */ = {isa = PBXFileReference; fileEncoding = 4; lastKnownFileType = sourcecode.c.h; path = MRLyricFetcher.h; sourceTree = "<group>"; };
		B0D7687818C8E20C001EEE8D /* MRLyricFetcher.m */ = {isa = PBXFileReference; fileEncoding = 4; lastKnownFileType = sourcecode.c.objc; path = MRLyricFetcher.m; sourceTree = "<group>"; };
		B0D7687918C8E20C001EEE8D /* MRYoutubeRequest.h */ = {isa = PBXFileReference; fileEncoding = 4; lastKnownFileType = sourcecode.c.h; path = MRYoutubeRequest.h; sourceTree = "<group>"; };
		B0D7687A18C8E20C001EEE8D /* MRYoutubeRequest.m */ = {isa = PBXFileReference; fileEncoding = 4; lastKnownFileType = sourcecode.c.objc; path = MRYoutubeRequest.m; sourceTree = "<group>"; };
		B0D768A018C8E293001EEE8D /* artist.png */ = {isa = PBXFileReference; lastKnownFileType = image.png; path = artist.png; sourceTree = "<group>"; };
		B0D768A118C8E293001EEE8D /* blurBG@2x.png */ = {isa = PBXFileReference; lastKnownFileType = image.png; path = "blurBG@2x.png"; sourceTree = "<group>"; };
		B0D768A218C8E293001EEE8D /* blurBG2@2x.png */ = {isa = PBXFileReference; lastKnownFileType = image.png; path = "blurBG2@2x.png"; sourceTree = "<group>"; };
		B0D768A318C8E293001EEE8D /* blurBG3@2x.png */ = {isa = PBXFileReference; lastKnownFileType = image.png; path = "blurBG3@2x.png"; sourceTree = "<group>"; };
		B0D768A418C8E293001EEE8D /* blurBG4@2x.png */ = {isa = PBXFileReference; lastKnownFileType = image.png; path = "blurBG4@2x.png"; sourceTree = "<group>"; };
		B0D768A518C8E293001EEE8D /* CRSTL_BG@2x.png */ = {isa = PBXFileReference; lastKnownFileType = image.png; path = "CRSTL_BG@2x.png"; sourceTree = "<group>"; };
		B0D768A618C8E293001EEE8D /* empty.png */ = {isa = PBXFileReference; lastKnownFileType = image.png; path = empty.png; sourceTree = "<group>"; };
		B0D768A718C8E293001EEE8D /* empty34.png */ = {isa = PBXFileReference; lastKnownFileType = image.png; path = empty34.png; sourceTree = "<group>"; };
		B0D768A818C8E293001EEE8D /* empty80.png */ = {isa = PBXFileReference; lastKnownFileType = image.png; path = empty80.png; sourceTree = "<group>"; };
		B0D768A918C8E293001EEE8D /* heart_80@2x.png */ = {isa = PBXFileReference; lastKnownFileType = image.png; path = "heart_80@2x.png"; sourceTree = "<group>"; };
		B0D768AA18C8E293001EEE8D /* heart80@2x.png */ = {isa = PBXFileReference; lastKnownFileType = image.png; path = "heart80@2x.png"; sourceTree = "<group>"; };
		B0D768AB18C8E293001EEE8D /* music2_400@2x.png */ = {isa = PBXFileReference; lastKnownFileType = image.png; path = "music2_400@2x.png"; sourceTree = "<group>"; };
		B0D768AC18C8E293001EEE8D /* music59.png */ = {isa = PBXFileReference; lastKnownFileType = image.png; path = music59.png; sourceTree = "<group>"; };
		B0D768AD18C8E293001EEE8D /* music400@2x.png */ = {isa = PBXFileReference; lastKnownFileType = image.png; path = "music400@2x.png"; sourceTree = "<group>"; };
		B0D768AE18C8E293001EEE8D /* nextButton@2x.png */ = {isa = PBXFileReference; lastKnownFileType = image.png; path = "nextButton@2x.png"; sourceTree = "<group>"; };
		B0D768AF18C8E293001EEE8D /* test_image_androp.png */ = {isa = PBXFileReference; lastKnownFileType = image.png; path = test_image_androp.png; sourceTree = "<group>"; };
		B0D768C018C8E2C2001EEE8D /* FirstNavigationViewController.h */ = {isa = PBXFileReference; fileEncoding = 4; lastKnownFileType = sourcecode.c.h; name = FirstNavigationViewController.h; path = ViewControllers/FirstNavigationViewController.h; sourceTree = "<group>"; };
		B0D768C118C8E2C2001EEE8D /* FirstNavigationViewController.m */ = {isa = PBXFileReference; fileEncoding = 4; lastKnownFileType = sourcecode.c.objc; name = FirstNavigationViewController.m; path = ViewControllers/FirstNavigationViewController.m; sourceTree = "<group>"; };
		B0D768C218C8E2C2001EEE8D /* MusicPlayerViewController.h */ = {isa = PBXFileReference; fileEncoding = 4; lastKnownFileType = sourcecode.c.h; path = MusicPlayerViewController.h; sourceTree = "<group>"; };
		B0D768C318C8E2C2001EEE8D /* MusicPlayerViewController.m */ = {isa = PBXFileReference; fileEncoding = 4; lastKnownFileType = sourcecode.c.objc; path = MusicPlayerViewController.m; sourceTree = "<group>"; };
		B0D768C418C8E2C2001EEE8D /* StartingRadioViewController.h */ = {isa = PBXFileReference; fileEncoding = 4; lastKnownFileType = sourcecode.c.h; name = StartingRadioViewController.h; path = ViewControllers/StartingRadioViewController.h; sourceTree = "<group>"; };
		B0D768C518C8E2C2001EEE8D /* StartingRadioViewController.m */ = {isa = PBXFileReference; fileEncoding = 4; lastKnownFileType = sourcecode.c.objc; name = StartingRadioViewController.m; path = ViewControllers/StartingRadioViewController.m; sourceTree = "<group>"; };
		B0D768C618C8E2C2001EEE8D /* Test_SearchViewController.h */ = {isa = PBXFileReference; fileEncoding = 4; lastKnownFileType = sourcecode.c.h; name = Test_SearchViewController.h; path = ViewControllers/Test_SearchViewController.h; sourceTree = "<group>"; };
		B0D768C718C8E2C2001EEE8D /* Test_SearchViewController.m */ = {isa = PBXFileReference; fileEncoding = 4; lastKnownFileType = sourcecode.c.objc; name = Test_SearchViewController.m; path = ViewControllers/Test_SearchViewController.m; sourceTree = "<group>"; };
		B0D768CC18C8E302001EEE8D /* FXBlurView.h */ = {isa = PBXFileReference; fileEncoding = 4; lastKnownFileType = sourcecode.c.h; path = FXBlurView.h; sourceTree = "<group>"; };
		B0D768CD18C8E302001EEE8D /* FXBlurView.m */ = {isa = PBXFileReference; fileEncoding = 4; lastKnownFileType = sourcecode.c.objc; path = FXBlurView.m; sourceTree = "<group>"; };
		B0D768CE18C8E302001EEE8D /* XCDYouTubeVideoPlayerViewController.h */ = {isa = PBXFileReference; fileEncoding = 4; lastKnownFileType = sourcecode.c.h; path = XCDYouTubeVideoPlayerViewController.h; sourceTree = "<group>"; };
		B0D768CF18C8E302001EEE8D /* XCDYouTubeVideoPlayerViewController.m */ = {isa = PBXFileReference; fileEncoding = 4; lastKnownFileType = sourcecode.c.objc; path = XCDYouTubeVideoPlayerViewController.m; sourceTree = "<group>"; };
		B0D768D818C8FA0D001EEE8D /* SearchViewController.h */ = {isa = PBXFileReference; fileEncoding = 4; lastKnownFileType = sourcecode.c.h; path = SearchViewController.h; sourceTree = "<group>"; };
		B0D768D918C8FA0D001EEE8D /* SearchViewController.m */ = {isa = PBXFileReference; fileEncoding = 4; lastKnownFileType = sourcecode.c.objc; path = SearchViewController.m; sourceTree = "<group>"; };
/* End PBXFileReference section */

/* Begin PBXFrameworksBuildPhase section */
		B0AAF2B418997BB400670924 /* Frameworks */ = {
			isa = PBXFrameworksBuildPhase;
			buildActionMask = 2147483647;
			files = (
				B050ECF01912E4FE00041C0C /* CoreData.framework in Frameworks */,
				B067D53218BDD8BA001E046D /* QuartzCore.framework in Frameworks */,
				B0AAF2FC189A3ABD00670924 /* AVFoundation.framework in Frameworks */,
				B0AAF2BD18997BB400670924 /* CoreGraphics.framework in Frameworks */,
				B0AAF2BF18997BB400670924 /* UIKit.framework in Frameworks */,
				B0AAF2BB18997BB400670924 /* Foundation.framework in Frameworks */,
			);
			runOnlyForDeploymentPostprocessing = 0;
		};
		B0AAF2D818997BB400670924 /* Frameworks */ = {
			isa = PBXFrameworksBuildPhase;
			buildActionMask = 2147483647;
			files = (
				B0AAF2DD18997BB400670924 /* XCTest.framework in Frameworks */,
				B0AAF2DF18997BB400670924 /* UIKit.framework in Frameworks */,
				B0AAF2DE18997BB400670924 /* Foundation.framework in Frameworks */,
			);
			runOnlyForDeploymentPostprocessing = 0;
		};
/* End PBXFrameworksBuildPhase section */

/* Begin PBXGroup section */
		B00B09DA18CF794D0088E6B6 /* noUse */ = {
			isa = PBXGroup;
			children = (
				B0D7686B18C8E1FD001EEE8D /* MRPlaylistManager.h */,
				B0D7686C18C8E1FD001EEE8D /* MRPlaylistManager.m */,
				B0D768C018C8E2C2001EEE8D /* FirstNavigationViewController.h */,
				B0D768C118C8E2C2001EEE8D /* FirstNavigationViewController.m */,
				B0D768C618C8E2C2001EEE8D /* Test_SearchViewController.h */,
				B0D768C718C8E2C2001EEE8D /* Test_SearchViewController.m */,
				B0D768C418C8E2C2001EEE8D /* StartingRadioViewController.h */,
				B0D768C518C8E2C2001EEE8D /* StartingRadioViewController.m */,
			);
			name = noUse;
			sourceTree = "<group>";
		};
		B02C595018AB71FC00257BC4 /* plugins */ = {
			isa = PBXGroup;
			children = (
				B0D768CC18C8E302001EEE8D /* FXBlurView.h */,
				B0D768CD18C8E302001EEE8D /* FXBlurView.m */,
				B0D768CE18C8E302001EEE8D /* XCDYouTubeVideoPlayerViewController.h */,
				B0D768CF18C8E302001EEE8D /* XCDYouTubeVideoPlayerViewController.m */,
			);
			name = plugins;
			path = Plugins;
			sourceTree = "<group>";
		};
		B02C595118AB720C00257BC4 /* otherClasses */ = {
			isa = PBXGroup;
			children = (
				B0D7687118C8E20C001EEE8D /* MRExfmRequest.h */,
				B0D7687218C8E20C001EEE8D /* MRExfmRequest.m */,
				B0D7687318C8E20C001EEE8D /* MRHttpRequest.h */,
				B0D7687418C8E20C001EEE8D /* MRHttpRequest.m */,
				B0D7687518C8E20C001EEE8D /* MRLastfmRequest.h */,
				B0D7687618C8E20C001EEE8D /* MRLastfmRequest.m */,
				B0D7687718C8E20C001EEE8D /* MRLyricFetcher.h */,
				B0D7687818C8E20C001EEE8D /* MRLyricFetcher.m */,
				B0D7687918C8E20C001EEE8D /* MRYoutubeRequest.h */,
				B0D7687A18C8E20C001EEE8D /* MRYoutubeRequest.m */,
			);
			name = otherClasses;
			path = OtherClassess;
			sourceTree = "<group>";
		};
		B02C595218AB723200257BC4 /* mainClasses */ = {
			isa = PBXGroup;
			children = (
				B0D7686D18C8E1FD001EEE8D /* MRRadio.h */,
				B0D7686E18C8E1FD001EEE8D /* MRRadio.m */,
				B0B39783191607FE00FF5C95 /* MRFavedPlayer.h */,
				B0B39784191607FE00FF5C95 /* MRFavedPlayer.m */,
			);
			name = mainClasses;
			path = MainClasses;
			sourceTree = "<group>";
		};
		B0865B9018B30CF4007E9B3A /* Images */ = {
			isa = PBXGroup;
			children = (
				B0D768A018C8E293001EEE8D /* artist.png */,
				B0D768A118C8E293001EEE8D /* blurBG@2x.png */,
				B0D768A218C8E293001EEE8D /* blurBG2@2x.png */,
				B0D768A318C8E293001EEE8D /* blurBG3@2x.png */,
				B0D768A418C8E293001EEE8D /* blurBG4@2x.png */,
				B0D768A518C8E293001EEE8D /* CRSTL_BG@2x.png */,
				B0D768A618C8E293001EEE8D /* empty.png */,
				B0D768A718C8E293001EEE8D /* empty34.png */,
				B0563F19190D35C000207476 /* music_icon_40@2x.png */,
				B0563F1B190D3DDF00207476 /* searchIcon_40@2x.png */,
				B0563F1D190D3EB600207476 /* searchIcon_white_40@2x.png */,
				B0D768A818C8E293001EEE8D /* empty80.png */,
				B0D768A918C8E293001EEE8D /* heart_80@2x.png */,
				B0D768AA18C8E293001EEE8D /* heart80@2x.png */,
				B0D768AB18C8E293001EEE8D /* music2_400@2x.png */,
				B0D768AC18C8E293001EEE8D /* music59.png */,
				B0D768AD18C8E293001EEE8D /* music400@2x.png */,
				B0D768AE18C8E293001EEE8D /* nextButton@2x.png */,
				B039790E18CE39F6001F0D6A /* next40@2x.png */,
				B039790F18CE39F6001F0D6A /* heart40@2x.png */,
				B0D768AF18C8E293001EEE8D /* test_image_androp.png */,
				B073B03D18D9A64E006CC3A4 /* heart@2x.png */,
				B073B03718D9A5BB006CC3A4 /* next@2x.png */,
				B073B03818D9A5BB006CC3A4 /* play@2x.png */,
				B073B03918D9A5BB006CC3A4 /* pause@2x.png */,
			);
			path = Images;
			sourceTree = "<group>";
		};
		B0AAF2AE18997BB400670924 = {
			isa = PBXGroup;
			children = (
				B0AAF2C018997BB400670924 /* musicRadio */,
				B0AAF2E218997BB400670924 /* musicRadioTests */,
				B0AAF2B918997BB400670924 /* Frameworks */,
				B0AAF2B818997BB400670924 /* Products */,
			);
			sourceTree = "<group>";
		};
		B0AAF2B818997BB400670924 /* Products */ = {
			isa = PBXGroup;
			children = (
				B0AAF2B718997BB400670924 /* musicRadio.app */,
				B0AAF2DB18997BB400670924 /* musicRadioTests.xctest */,
			);
			name = Products;
			sourceTree = "<group>";
		};
		B0AAF2B918997BB400670924 /* Frameworks */ = {
			isa = PBXGroup;
			children = (
				B050ECEF1912E4FE00041C0C /* CoreData.framework */,
				B067D53118BDD8BA001E046D /* QuartzCore.framework */,
				B0AAF2FB189A3ABD00670924 /* AVFoundation.framework */,
				B0AAF2BA18997BB400670924 /* Foundation.framework */,
				B0AAF2BC18997BB400670924 /* CoreGraphics.framework */,
				B0AAF2BE18997BB400670924 /* UIKit.framework */,
				B0AAF2DC18997BB400670924 /* XCTest.framework */,
			);
			name = Frameworks;
			sourceTree = "<group>";
		};
		B0AAF2C018997BB400670924 /* musicRadio */ = {
			isa = PBXGroup;
			children = (
				B0AAF2C918997BB400670924 /* AppDelegate.h */,
				B0AAF2CA18997BB400670924 /* AppDelegate.m */,
				B050ECE31912D8CC00041C0C /* musicRadio.xcdatamodeld */,
				B050ECE61912D96B00041C0C /* Faved.h */,
				B050ECE71912D96B00041C0C /* Faved.m */,
				B0F3ACAE18AC245800021126 /* viewClasses */,
				B02C595218AB723200257BC4 /* mainClasses */,
				B02C595118AB720C00257BC4 /* otherClasses */,
				B0D768DB18C8FDDB001EEE8D /* originalViews */,
				B0865B9018B30CF4007E9B3A /* Images */,
				B02C595018AB71FC00257BC4 /* plugins */,
				B02A696118A2C3EE009FF1EB /* musicRadio.entitlements */,
				B0AAF2D518997BB400670924 /* Images.xcassets */,
				B0AAF2C118997BB400670924 /* Supporting Files */,
				B00B09DA18CF794D0088E6B6 /* noUse */,
			);
			path = musicRadio;
			sourceTree = "<group>";
		};
		B0AAF2C118997BB400670924 /* Supporting Files */ = {
			isa = PBXGroup;
			children = (
				B0AAF2C218997BB400670924 /* musicRadio-Info.plist */,
				B0AAF2C318997BB400670924 /* InfoPlist.strings */,
				B0AAF2C618997BB400670924 /* main.m */,
				B0AAF2C818997BB400670924 /* musicRadio-Prefix.pch */,
			);
			name = "Supporting Files";
			sourceTree = "<group>";
		};
		B0AAF2E218997BB400670924 /* musicRadioTests */ = {
			isa = PBXGroup;
			children = (
				B0AAF2E818997BB400670924 /* musicRadioTests.m */,
				B0AAF2E318997BB400670924 /* Supporting Files */,
			);
			path = musicRadioTests;
			sourceTree = "<group>";
		};
		B0AAF2E318997BB400670924 /* Supporting Files */ = {
			isa = PBXGroup;
			children = (
				B0AAF2E418997BB400670924 /* musicRadioTests-Info.plist */,
				B0AAF2E518997BB400670924 /* InfoPlist.strings */,
			);
			name = "Supporting Files";
			sourceTree = "<group>";
		};
		B0D768DB18C8FDDB001EEE8D /* originalViews */ = {
			isa = PBXGroup;
			children = (
				B039790B18CE335C001F0D6A /* ShadowStyleLabel.h */,
				B039790C18CE335C001F0D6A /* ShadowStyleLabel.m */,
			);
			name = originalViews;
			path = OriginalViews;
			sourceTree = "<group>";
		};
		B0F3ACAE18AC245800021126 /* viewClasses */ = {
			isa = PBXGroup;
			children = (
				B0D768D818C8FA0D001EEE8D /* SearchViewController.h */,
				B0D768D918C8FA0D001EEE8D /* SearchViewController.m */,
				B0D768C218C8E2C2001EEE8D /* MusicPlayerViewController.h */,
				B0D768C318C8E2C2001EEE8D /* MusicPlayerViewController.m */,
				B050ECE91912DC3E00041C0C /* FavedTableViewController.h */,
				B050ECEA1912DC3E00041C0C /* FavedTableViewController.m */,
				B050ECEC1912DC9C00041C0C /* FavedCell.h */,
				B050ECED1912DC9C00041C0C /* FavedCell.m */,
			);
			name = viewClasses;
			path = ViewControllers;
			sourceTree = "<group>";
		};
/* End PBXGroup section */

/* Begin PBXNativeTarget section */
		B0AAF2B618997BB400670924 /* musicRadio */ = {
			isa = PBXNativeTarget;
			buildConfigurationList = B0AAF2EC18997BB400670924 /* Build configuration list for PBXNativeTarget "musicRadio" */;
			buildPhases = (
				B0AAF2B318997BB400670924 /* Sources */,
				B0AAF2B418997BB400670924 /* Frameworks */,
				B0AAF2B518997BB400670924 /* Resources */,
			);
			buildRules = (
			);
			dependencies = (
			);
			name = musicRadio;
			productName = musicRadio;
			productReference = B0AAF2B718997BB400670924 /* musicRadio.app */;
			productType = "com.apple.product-type.application";
		};
		B0AAF2DA18997BB400670924 /* musicRadioTests */ = {
			isa = PBXNativeTarget;
			buildConfigurationList = B0AAF2EF18997BB400670924 /* Build configuration list for PBXNativeTarget "musicRadioTests" */;
			buildPhases = (
				B0AAF2D718997BB400670924 /* Sources */,
				B0AAF2D818997BB400670924 /* Frameworks */,
				B0AAF2D918997BB400670924 /* Resources */,
			);
			buildRules = (
			);
			dependencies = (
				B0AAF2E118997BB400670924 /* PBXTargetDependency */,
			);
			name = musicRadioTests;
			productName = musicRadioTests;
			productReference = B0AAF2DB18997BB400670924 /* musicRadioTests.xctest */;
			productType = "com.apple.product-type.bundle.unit-test";
		};
/* End PBXNativeTarget section */

/* Begin PBXProject section */
		B0AAF2AF18997BB400670924 /* Project object */ = {
			isa = PBXProject;
			attributes = {
				LastUpgradeCheck = 0500;
				ORGANIZATIONNAME = "Takuya Okamoto";
				TargetAttributes = {
					B0AAF2B618997BB400670924 = {
						DevelopmentTeam = 6N9U78BNZR;
						SystemCapabilities = {
							com.apple.BackgroundModes = {
								enabled = 1;
							};
							com.apple.InterAppAudio = {
								enabled = 0;
							};
						};
					};
					B0AAF2DA18997BB400670924 = {
						TestTargetID = B0AAF2B618997BB400670924;
					};
				};
			};
			buildConfigurationList = B0AAF2B218997BB400670924 /* Build configuration list for PBXProject "musicRadio" */;
			compatibilityVersion = "Xcode 3.2";
			developmentRegion = English;
			hasScannedForEncodings = 0;
			knownRegions = (
				en,
				Base,
			);
			mainGroup = B0AAF2AE18997BB400670924;
			productRefGroup = B0AAF2B818997BB400670924 /* Products */;
			projectDirPath = "";
			projectRoot = "";
			targets = (
				B0AAF2B618997BB400670924 /* musicRadio */,
				B0AAF2DA18997BB400670924 /* musicRadioTests */,
			);
		};
/* End PBXProject section */

/* Begin PBXResourcesBuildPhase section */
		B0AAF2B518997BB400670924 /* Resources */ = {
			isa = PBXResourcesBuildPhase;
			buildActionMask = 2147483647;
			files = (
				B0D768B118C8E293001EEE8D /* blurBG@2x.png in Resources */,
				B0D768BD18C8E293001EEE8D /* music400@2x.png in Resources */,
				B073B03A18D9A5BB006CC3A4 /* next@2x.png in Resources */,
				B0D768B818C8E293001EEE8D /* empty80.png in Resources */,
				B039791118CE39F6001F0D6A /* heart40@2x.png in Resources */,
				B0563F1A190D35C000207476 /* music_icon_40@2x.png in Resources */,
				B073B03C18D9A5BB006CC3A4 /* pause@2x.png in Resources */,
				B0563F1C190D3DDF00207476 /* searchIcon_40@2x.png in Resources */,
				B0AAF2D618997BB400670924 /* Images.xcassets in Resources */,
				B0D768B918C8E293001EEE8D /* heart_80@2x.png in Resources */,
				B0D768B718C8E293001EEE8D /* empty34.png in Resources */,
				B073B03B18D9A5BB006CC3A4 /* play@2x.png in Resources */,
				B0D768B218C8E293001EEE8D /* blurBG2@2x.png in Resources */,
				B0D768BE18C8E293001EEE8D /* nextButton@2x.png in Resources */,
				B0D768BA18C8E293001EEE8D /* heart80@2x.png in Resources */,
				B0D768BF18C8E293001EEE8D /* test_image_androp.png in Resources */,
				B0AAF2C518997BB400670924 /* InfoPlist.strings in Resources */,
				B0D768BC18C8E293001EEE8D /* music59.png in Resources */,
				B0D768B518C8E293001EEE8D /* CRSTL_BG@2x.png in Resources */,
				B0D768B618C8E293001EEE8D /* empty.png in Resources */,
				B0D768BB18C8E293001EEE8D /* music2_400@2x.png in Resources */,
				B0563F1E190D3EB600207476 /* searchIcon_white_40@2x.png in Resources */,
				B0D768B318C8E293001EEE8D /* blurBG3@2x.png in Resources */,
				B0D768B418C8E293001EEE8D /* blurBG4@2x.png in Resources */,
				B073B03E18D9A64E006CC3A4 /* heart@2x.png in Resources */,
				B0D768B018C8E293001EEE8D /* artist.png in Resources */,
				B039791018CE39F6001F0D6A /* next40@2x.png in Resources */,
			);
			runOnlyForDeploymentPostprocessing = 0;
		};
		B0AAF2D918997BB400670924 /* Resources */ = {
			isa = PBXResourcesBuildPhase;
			buildActionMask = 2147483647;
			files = (
				B0AAF2E718997BB400670924 /* InfoPlist.strings in Resources */,
			);
			runOnlyForDeploymentPostprocessing = 0;
		};
/* End PBXResourcesBuildPhase section */

/* Begin PBXSourcesBuildPhase section */
		B0AAF2B318997BB400670924 /* Sources */ = {
			isa = PBXSourcesBuildPhase;
			buildActionMask = 2147483647;
			files = (
				B0D7687D18C8E20C001EEE8D /* MRLastfmRequest.m in Sources */,
				B0D7687E18C8E20C001EEE8D /* MRLyricFetcher.m in Sources */,
				B050ECEB1912DC3E00041C0C /* FavedTableViewController.m in Sources */,
				B0D7687018C8E1FD001EEE8D /* MRRadio.m in Sources */,
				B0D7687F18C8E20C001EEE8D /* MRYoutubeRequest.m in Sources */,
				B0D7687B18C8E20C001EEE8D /* MRExfmRequest.m in Sources */,
				B0D768D118C8E302001EEE8D /* XCDYouTubeVideoPlayerViewController.m in Sources */,
				B0D768DA18C8FA0D001EEE8D /* SearchViewController.m in Sources */,
				B050ECE81912D96B00041C0C /* Faved.m in Sources */,
				B039790D18CE335C001F0D6A /* ShadowStyleLabel.m in Sources */,
				B0D7687C18C8E20C001EEE8D /* MRHttpRequest.m in Sources */,
				B0D7686F18C8E1FD001EEE8D /* MRPlaylistManager.m in Sources */,
				B0D768CB18C8E2C2001EEE8D /* Test_SearchViewController.m in Sources */,
				B0AAF2CB18997BB400670924 /* AppDelegate.m in Sources */,
				B0B39785191607FE00FF5C95 /* MRFavedPlayer.m in Sources */,
				B0D768D018C8E302001EEE8D /* FXBlurView.m in Sources */,
				B050ECEE1912DC9C00041C0C /* FavedCell.m in Sources */,
				B050ECE51912D8CC00041C0C /* musicRadio.xcdatamodeld in Sources */,
				B0D768C818C8E2C2001EEE8D /* FirstNavigationViewController.m in Sources */,
				B0D768CA18C8E2C2001EEE8D /* StartingRadioViewController.m in Sources */,
				B0D768C918C8E2C2001EEE8D /* MusicPlayerViewController.m in Sources */,
				B0AAF2C718997BB400670924 /* main.m in Sources */,
			);
			runOnlyForDeploymentPostprocessing = 0;
		};
		B0AAF2D718997BB400670924 /* Sources */ = {
			isa = PBXSourcesBuildPhase;
			buildActionMask = 2147483647;
			files = (
				B0AAF2E918997BB400670924 /* musicRadioTests.m in Sources */,
			);
			runOnlyForDeploymentPostprocessing = 0;
		};
/* End PBXSourcesBuildPhase section */

/* Begin PBXTargetDependency section */
		B0AAF2E118997BB400670924 /* PBXTargetDependency */ = {
			isa = PBXTargetDependency;
			target = B0AAF2B618997BB400670924 /* musicRadio */;
			targetProxy = B0AAF2E018997BB400670924 /* PBXContainerItemProxy */;
		};
/* End PBXTargetDependency section */

/* Begin PBXVariantGroup section */
		B0AAF2C318997BB400670924 /* InfoPlist.strings */ = {
			isa = PBXVariantGroup;
			children = (
				B0AAF2C418997BB400670924 /* en */,
			);
			name = InfoPlist.strings;
			sourceTree = "<group>";
		};
		B0AAF2E518997BB400670924 /* InfoPlist.strings */ = {
			isa = PBXVariantGroup;
			children = (
				B0AAF2E618997BB400670924 /* en */,
			);
			name = InfoPlist.strings;
			sourceTree = "<group>";
		};
/* End PBXVariantGroup section */

/* Begin XCBuildConfiguration section */
		B0AAF2EA18997BB400670924 /* Debug */ = {
			isa = XCBuildConfiguration;
			buildSettings = {
				ALWAYS_SEARCH_USER_PATHS = NO;
				ARCHS = "$(ARCHS_STANDARD_INCLUDING_64_BIT)";
				CLANG_CXX_LANGUAGE_STANDARD = "gnu++0x";
				CLANG_CXX_LIBRARY = "libc++";
				CLANG_ENABLE_MODULES = YES;
				CLANG_ENABLE_OBJC_ARC = YES;
				CLANG_WARN_BOOL_CONVERSION = YES;
				CLANG_WARN_CONSTANT_CONVERSION = YES;
				CLANG_WARN_DIRECT_OBJC_ISA_USAGE = YES_ERROR;
				CLANG_WARN_EMPTY_BODY = YES;
				CLANG_WARN_ENUM_CONVERSION = YES;
				CLANG_WARN_INT_CONVERSION = YES;
				CLANG_WARN_OBJC_ROOT_CLASS = YES_ERROR;
				CLANG_WARN__DUPLICATE_METHOD_MATCH = YES;
				"CODE_SIGN_IDENTITY[sdk=iphoneos*]" = "iPhone Developer";
				COPY_PHASE_STRIP = NO;
				GCC_C_LANGUAGE_STANDARD = gnu99;
				GCC_DYNAMIC_NO_PIC = NO;
				GCC_OPTIMIZATION_LEVEL = 0;
				GCC_PREPROCESSOR_DEFINITIONS = (
					"DEBUG=1",
					"$(inherited)",
				);
				GCC_SYMBOLS_PRIVATE_EXTERN = NO;
				GCC_WARN_64_TO_32_BIT_CONVERSION = YES;
				GCC_WARN_ABOUT_RETURN_TYPE = YES_ERROR;
				GCC_WARN_UNDECLARED_SELECTOR = YES;
				GCC_WARN_UNINITIALIZED_AUTOS = YES;
				GCC_WARN_UNUSED_FUNCTION = YES;
				GCC_WARN_UNUSED_VARIABLE = YES;
				IPHONEOS_DEPLOYMENT_TARGET = 7.0;
				ONLY_ACTIVE_ARCH = YES;
				SDKROOT = iphoneos;
				TARGETED_DEVICE_FAMILY = "1,2";
			};
			name = Debug;
		};
		B0AAF2EB18997BB400670924 /* Release */ = {
			isa = XCBuildConfiguration;
			buildSettings = {
				ALWAYS_SEARCH_USER_PATHS = NO;
				ARCHS = "$(ARCHS_STANDARD_INCLUDING_64_BIT)";
				CLANG_CXX_LANGUAGE_STANDARD = "gnu++0x";
				CLANG_CXX_LIBRARY = "libc++";
				CLANG_ENABLE_MODULES = YES;
				CLANG_ENABLE_OBJC_ARC = YES;
				CLANG_WARN_BOOL_CONVERSION = YES;
				CLANG_WARN_CONSTANT_CONVERSION = YES;
				CLANG_WARN_DIRECT_OBJC_ISA_USAGE = YES_ERROR;
				CLANG_WARN_EMPTY_BODY = YES;
				CLANG_WARN_ENUM_CONVERSION = YES;
				CLANG_WARN_INT_CONVERSION = YES;
				CLANG_WARN_OBJC_ROOT_CLASS = YES_ERROR;
				CLANG_WARN__DUPLICATE_METHOD_MATCH = YES;
				"CODE_SIGN_IDENTITY[sdk=iphoneos*]" = "iPhone Developer";
				COPY_PHASE_STRIP = YES;
				ENABLE_NS_ASSERTIONS = NO;
				GCC_C_LANGUAGE_STANDARD = gnu99;
				GCC_WARN_64_TO_32_BIT_CONVERSION = YES;
				GCC_WARN_ABOUT_RETURN_TYPE = YES_ERROR;
				GCC_WARN_UNDECLARED_SELECTOR = YES;
				GCC_WARN_UNINITIALIZED_AUTOS = YES;
				GCC_WARN_UNUSED_FUNCTION = YES;
				GCC_WARN_UNUSED_VARIABLE = YES;
				IPHONEOS_DEPLOYMENT_TARGET = 7.0;
				SDKROOT = iphoneos;
				TARGETED_DEVICE_FAMILY = "1,2";
				VALIDATE_PRODUCT = YES;
			};
			name = Release;
		};
		B0AAF2ED18997BB400670924 /* Debug */ = {
			isa = XCBuildConfiguration;
			buildSettings = {
				ASSETCATALOG_COMPILER_APPICON_NAME = AppIcon;
				ASSETCATALOG_COMPILER_LAUNCHIMAGE_NAME = LaunchImage;
				CODE_SIGN_IDENTITY = "iPhone Developer";
				"CODE_SIGN_IDENTITY[sdk=iphoneos*]" = "iPhone Developer";
				GCC_PRECOMPILE_PREFIX_HEADER = YES;
				GCC_PREFIX_HEADER = "musicRadio/musicRadio-Prefix.pch";
				INFOPLIST_FILE = "musicRadio/musicRadio-Info.plist";
				IPHONEOS_DEPLOYMENT_TARGET = 6.0;
				PRODUCT_NAME = "$(TARGET_NAME)";
				PROVISIONING_PROFILE = "";
				WRAPPER_EXTENSION = app;
			};
			name = Debug;
		};
		B0AAF2EE18997BB400670924 /* Release */ = {
			isa = XCBuildConfiguration;
			buildSettings = {
				ASSETCATALOG_COMPILER_APPICON_NAME = AppIcon;
				ASSETCATALOG_COMPILER_LAUNCHIMAGE_NAME = LaunchImage;
				CODE_SIGN_IDENTITY = "iPhone Developer";
				"CODE_SIGN_IDENTITY[sdk=iphoneos*]" = "iPhone Developer";
				GCC_PRECOMPILE_PREFIX_HEADER = YES;
				GCC_PREFIX_HEADER = "musicRadio/musicRadio-Prefix.pch";
				INFOPLIST_FILE = "musicRadio/musicRadio-Info.plist";
				IPHONEOS_DEPLOYMENT_TARGET = 6.0;
				PRODUCT_NAME = "$(TARGET_NAME)";
				PROVISIONING_PROFILE = "";
				WRAPPER_EXTENSION = app;
			};
			name = Release;
		};
		B0AAF2F018997BB400670924 /* Debug */ = {
			isa = XCBuildConfiguration;
			buildSettings = {
				ARCHS = "$(ARCHS_STANDARD_INCLUDING_64_BIT)";
				BUNDLE_LOADER = "$(BUILT_PRODUCTS_DIR)/musicRadio.app/musicRadio";
				FRAMEWORK_SEARCH_PATHS = (
					"$(SDKROOT)/Developer/Library/Frameworks",
					"$(inherited)",
					"$(DEVELOPER_FRAMEWORKS_DIR)",
				);
				GCC_PRECOMPILE_PREFIX_HEADER = YES;
				GCC_PREFIX_HEADER = "musicRadio/musicRadio-Prefix.pch";
				GCC_PREPROCESSOR_DEFINITIONS = (
					"DEBUG=1",
					"$(inherited)",
				);
				INFOPLIST_FILE = "musicRadioTests/musicRadioTests-Info.plist";
				PRODUCT_NAME = "$(TARGET_NAME)";
				TEST_HOST = "$(BUNDLE_LOADER)";
				WRAPPER_EXTENSION = xctest;
			};
			name = Debug;
		};
		B0AAF2F118997BB400670924 /* Release */ = {
			isa = XCBuildConfiguration;
			buildSettings = {
				ARCHS = "$(ARCHS_STANDARD_INCLUDING_64_BIT)";
				BUNDLE_LOADER = "$(BUILT_PRODUCTS_DIR)/musicRadio.app/musicRadio";
				FRAMEWORK_SEARCH_PATHS = (
					"$(SDKROOT)/Developer/Library/Frameworks",
					"$(inherited)",
					"$(DEVELOPER_FRAMEWORKS_DIR)",
				);
				GCC_PRECOMPILE_PREFIX_HEADER = YES;
				GCC_PREFIX_HEADER = "musicRadio/musicRadio-Prefix.pch";
				INFOPLIST_FILE = "musicRadioTests/musicRadioTests-Info.plist";
				PRODUCT_NAME = "$(TARGET_NAME)";
				TEST_HOST = "$(BUNDLE_LOADER)";
				WRAPPER_EXTENSION = xctest;
			};
			name = Release;
		};
/* End XCBuildConfiguration section */

/* Begin XCConfigurationList section */
		B0AAF2B218997BB400670924 /* Build configuration list for PBXProject "musicRadio" */ = {
			isa = XCConfigurationList;
			buildConfigurations = (
				B0AAF2EA18997BB400670924 /* Debug */,
				B0AAF2EB18997BB400670924 /* Release */,
			);
			defaultConfigurationIsVisible = 0;
			defaultConfigurationName = Release;
		};
		B0AAF2EC18997BB400670924 /* Build configuration list for PBXNativeTarget "musicRadio" */ = {
			isa = XCConfigurationList;
			buildConfigurations = (
				B0AAF2ED18997BB400670924 /* Debug */,
				B0AAF2EE18997BB400670924 /* Release */,
			);
			defaultConfigurationIsVisible = 0;
			defaultConfigurationName = Release;
		};
		B0AAF2EF18997BB400670924 /* Build configuration list for PBXNativeTarget "musicRadioTests" */ = {
			isa = XCConfigurationList;
			buildConfigurations = (
				B0AAF2F018997BB400670924 /* Debug */,
				B0AAF2F118997BB400670924 /* Release */,
			);
			defaultConfigurationIsVisible = 0;
			defaultConfigurationName = Release;
		};
/* End XCConfigurationList section */

/* Begin XCVersionGroup section */
		B050ECE31912D8CC00041C0C /* musicRadio.xcdatamodeld */ = {
			isa = XCVersionGroup;
			children = (
				B050ECE41912D8CC00041C0C /* musicRadio.xcdatamodel */,
			);
			currentVersion = B050ECE41912D8CC00041C0C /* musicRadio.xcdatamodel */;
			path = musicRadio.xcdatamodeld;
			sourceTree = "<group>";
			versionGroupType = wrapper.xcdatamodel;
		};
/* End XCVersionGroup section */
	};
	rootObject = B0AAF2AF18997BB400670924 /* Project object */;
}
